{
  "version": 4,
  "terraform_version": "0.13.5",
  "serial": 1,
  "lineage": "4b6e9978-aba2-90b3-1ec2-9aeda5a457db",
  "outputs": {},
  "resources": [
    {
      "module": "module.module_test",
      "mode": "managed",
      "type": "libvirt_domain",
      "name": "sample",
      "provider": "module.module_test.provider[\"registry.terraform.io/dmacvicar/libvirt\"]",
      "instances": [
        {
          "schema_version": 0,
          "attributes": {
            "arch": "x86_64",
            "autostart": false,
            "boot_device": [],
            "cloudinit": null,
            "cmdline": null,
            "console": [],
            "coreos_ignition": null,
            "cpu": null,
            "description": "",
            "disk": null,
            "emulator": "/usr/libexec/qemu-kvm",
            "filesystem": [],
            "firmware": "",
            "fw_cfg_name": "opt/com.coreos/config",
            "graphics": [],
            "id": "a40d4568-504b-4118-9091-53130e5e8768",
            "initrd": "",
            "kernel": "",
            "machine": "pc",
            "memory": 1024,
            "metadata": null,
            "name": "test2",
            "network_interface": [],
            "nvram": [],
            "qemu_agent": false,
            "running": true,
            "timeouts": null,
            "vcpu": 2,
            "video": [],
            "xml": []
          },
          "private": "eyJlMmJmYjczMC1lY2FhLTExZTYtOGY4OC0zNDM2M2JjN2M0YzAiOnsiY3JlYXRlIjozMDAwMDAwMDAwMDB9fQ=="
        }
      ]
    }
  ]
}
