{
  "version": 4,
  "terraform_version": "0.13.3",
  "serial": 5,
  "lineage": "31e7e6b3-0ead-a4f4-9d38-6984f4866911",
  "outputs": {},
  "resources": [
    {
      "module": "module.kubernetes_module",
      "mode": "data",
      "type": "template_file",
      "name": "deploy_network_data",
      "provider": "provider[\"registry.terraform.io/hashicorp/template\"]",
      "instances": [
        {
          "index_key": 0,
          "schema_version": 0,
          "attributes": {
            "filename": null,
            "id": "a706c3a7c94b6802d0628039fac692f857a114340fc246ae5612268045b40acb",
            "rendered": "network:\n  version: 1\n  config:\n  - type: physical\n    name: eth1\n    subnets:\n    - type: static\n      address: 10.98.91.90/24\n      gateway: 10.98.91.1\n      dns_nameservers:\n      - 8.8.8.8\n\n  - type: physical\n    name: eth2\n    subnets:\n    - type: static\n      address: 10.98.63.90/24\n      gateway: 10.98.63.1\n      dns_nameservers:\n      - 8.8.8.8\n",
            "template": "network:\n  version: 1\n  config:\n  - type: physical\n    name: eth1\n    subnets:\n    - type: static\n      address: ${deploy_deploy_address}/24\n      gateway: ${deploy_gateway}\n      dns_nameservers:\n      - 8.8.8.8\n\n  - type: physical\n    name: eth2\n    subnets:\n    - type: static\n      address: ${deploy_api_address}/24\n      gateway: ${api_gateway}\n      dns_nameservers:\n      - 8.8.8.8\n",
            "vars": {
              "api_gateway": "10.98.63.1",
              "deploy_api_address": "10.98.63.90",
              "deploy_deploy_address": "10.98.91.90",
              "deploy_gateway": "10.98.91.1"
            }
          }
        }
      ]
    },
    {
      "module": "module.kubernetes_module",
      "mode": "data",
      "type": "template_file",
      "name": "deploy_user_data",
      "provider": "provider[\"registry.terraform.io/hashicorp/template\"]",
      "instances": [
        {
          "index_key": 0,
          "schema_version": 0,
          "attributes": {
            "filename": null,
            "id": "42a648f3c4f8cfc09375148ffbc44b764f6ca8e947a30da1b3eb2c94a4acb10d",
            "rendered": "#cloud-config\nssh_pwauth: True\nchpasswd:\n  list: |\n     root:testtest\n  expire: False\n\ngrowpart:\n  mode: auto\n  devices: [\"/\"]\n  ignore_growroot_disabled: false\n\nruncmd:\n  - sed -i 's/SELINUX=enforcing/SELINUX=disabled/g' /etc/selinux/config\n  - sed -i 'a\\UseDNS no' /etc/ssh/sshd_config\n  - hostnamectl set-hostname wyj99_deploy_0\n",
            "template": "#cloud-config\nssh_pwauth: True\nchpasswd:\n  list: |\n     root:testtest\n  expire: False\n\ngrowpart:\n  mode: auto\n  devices: [\"/\"]\n  ignore_growroot_disabled: false\n\nruncmd:\n  - sed -i 's/SELINUX=enforcing/SELINUX=disabled/g' /etc/selinux/config\n  - sed -i 'a\\UseDNS no' /etc/ssh/sshd_config\n  - hostnamectl set-hostname ${deploy_hostname}\n",
            "vars": {
              "deploy_hostname": "wyj99_deploy_0"
            }
          }
        }
      ]
    },
    {
      "module": "module.kubernetes_module",
      "mode": "managed",
      "type": "libvirt_cloudinit_disk",
      "name": "deploy_init",
      "provider": "module.kubernetes_module.provider[\"registry.terraform.io/dmacvicar/libvirt\"]",
      "instances": [
        {
          "index_key": 0,
          "schema_version": 0,
          "attributes": {
            "id": "/var/lib/libvirt/images/wyj99_deploy_cloutinit_0.iso;5fbb23df-a06f-4e59-553a-d0b07b3f71be",
            "meta_data": "",
            "name": "wyj99_deploy_cloutinit_0.iso",
            "network_config": "network:\n  version: 1\n  config:\n  - type: physical\n    name: eth1\n    subnets:\n    - type: static\n      address: 10.98.91.90/24\n      gateway: 10.98.91.1\n      dns_nameservers:\n      - 8.8.8.8\n\n  - type: physical\n    name: eth2\n    subnets:\n    - type: static\n      address: 10.98.63.90/24\n      gateway: 10.98.63.1\n      dns_nameservers:\n      - 8.8.8.8\n",
            "pool": "default",
            "user_data": "#cloud-config\nssh_pwauth: True\nchpasswd:\n  list: |\n     root:testtest\n  expire: False\n\ngrowpart:\n  mode: auto\n  devices: [\"/\"]\n  ignore_growroot_disabled: false\n\nruncmd:\n  - sed -i 's/SELINUX=enforcing/SELINUX=disabled/g' /etc/selinux/config\n  - sed -i 'a\\UseDNS no' /etc/ssh/sshd_config\n  - hostnamectl set-hostname wyj99_deploy_0\n"
          },
          "private": "bnVsbA==",
          "dependencies": [
            "module.kubernetes_module.data.template_file.deploy_network_data",
            "module.kubernetes_module.data.template_file.deploy_user_data"
          ]
        }
      ]
    },
    {
      "module": "module.kubernetes_module",
      "mode": "managed",
      "type": "libvirt_domain",
      "name": "deploy",
      "provider": "module.kubernetes_module.provider[\"registry.terraform.io/dmacvicar/libvirt\"]",
      "instances": []
    },
    {
      "module": "module.kubernetes_module",
      "mode": "managed",
      "type": "libvirt_network",
      "name": "api_network",
      "provider": "module.kubernetes_module.provider[\"registry.terraform.io/dmacvicar/libvirt\"]",
      "instances": [
        {
          "schema_version": 0,
          "attributes": {
            "addresses": [
              "10.98.63.0/24"
            ],
            "autostart": true,
            "bridge": "wyj99_api0",
            "dhcp": [],
            "dns": [],
            "domain": null,
            "id": "0dc8ab68-5fdf-428b-a678-c9a2d19272be",
            "mode": "nat",
            "mtu": null,
            "name": "wyj99_api0",
            "routes": [],
            "xml": []
          },
          "private": "bnVsbA=="
        }
      ]
    },
    {
      "module": "module.kubernetes_module",
      "mode": "managed",
      "type": "libvirt_network",
      "name": "deploy_network",
      "provider": "module.kubernetes_module.provider[\"registry.terraform.io/dmacvicar/libvirt\"]",
      "instances": [
        {
          "schema_version": 0,
          "attributes": {
            "addresses": [
              "10.98.91.0/24"
            ],
            "autostart": true,
            "bridge": "wyj99_deploy0",
            "dhcp": [],
            "dns": [],
            "domain": null,
            "id": "b3666080-4f77-439c-89e5-6ac10d867822",
            "mode": "nat",
            "mtu": null,
            "name": "wyj99_deploy0",
            "routes": [],
            "xml": []
          },
          "private": "bnVsbA=="
        }
      ]
    },
    {
      "module": "module.kubernetes_module",
      "mode": "managed",
      "type": "libvirt_volume",
      "name": "base_volume",
      "provider": "module.kubernetes_module.provider[\"registry.terraform.io/dmacvicar/libvirt\"]",
      "instances": [
        {
          "schema_version": 0,
          "attributes": {
            "base_volume_id": null,
            "base_volume_name": null,
            "base_volume_pool": null,
            "format": "qcow2",
            "id": "/data/yjwang_pool/base_volume.qcow2",
            "name": "base_volume.qcow2",
            "pool": "yjwang_pool",
            "size": 10737418240,
            "source": "/usr/vm-template/CentOS-8.2.qcow2",
            "xml": []
          },
          "private": "bnVsbA=="
        }
      ]
    }
  ]
}
