{
  "version": 4,
  "terraform_version": "0.13.3",
  "serial": 85,
  "lineage": "fea0fb87-6723-0893-6126-b2e66caa7243",
  "outputs": {},
  "resources": [
    {
      "module": "module.kubernetes_module",
      "mode": "data",
      "type": "template_file",
      "name": "deploy_network_data",
      "provider": "provider[\"registry.terraform.io/hashicorp/template\"]",
      "instances": [
        {
          "index_key": 0,
          "schema_version": 0,
          "attributes": {
            "filename": null,
            "id": "59719df12147febdf4568ad0ff0a5d57ee7f1893452d5051d45dad8ed743f66a",
            "rendered": "network:\n  version: 1\n  config:\n  - type: physical\n    name: eth1\n    subnets:\n    - type: static\n      address: 10.98.90.90/24\n      gateway: 10.98.90.1\n      dns_nameservers:\n      - 8.8.8.8\n\n  - type: physical\n    name: eth2\n    subnets:\n    - type: static\n      address: 10.98.62.90/24\n      gateway: 10.98.62.1\n      dns_nameservers:\n      - 8.8.8.8\n",
            "template": "network:\n  version: 1\n  config:\n  - type: physical\n    name: eth1\n    subnets:\n    - type: static\n      address: ${deploy_deploy_address}/24\n      gateway: ${deploy_gateway}\n      dns_nameservers:\n      - 8.8.8.8\n\n  - type: physical\n    name: eth2\n    subnets:\n    - type: static\n      address: ${deploy_api_address}/24\n      gateway: ${api_gateway}\n      dns_nameservers:\n      - 8.8.8.8\n",
            "vars": {
              "api_gateway": "10.98.62.1",
              "deploy_api_address": "10.98.62.90",
              "deploy_deploy_address": "10.98.90.90",
              "deploy_gateway": "10.98.90.1"
            }
          }
        }
      ]
    },
    {
      "module": "module.kubernetes_module",
      "mode": "data",
      "type": "template_file",
      "name": "deploy_user_data",
      "provider": "provider[\"registry.terraform.io/hashicorp/template\"]",
      "instances": [
        {
          "index_key": 0,
          "schema_version": 0,
          "attributes": {
            "filename": null,
            "id": "cfaa029b0878f9d91b5abe87dc7c45a3a0e78eda702f4467475f3562ba6d793b",
            "rendered": "#cloud-config\nssh_pwauth: True\nchpasswd:\n  list: |\n     root:testtest\n  expire: False\n\npreserve_hostname: true\nhostname: wyj01_deploy_0\n\ngrowpart:\n  mode: auto\n  devices: [\"/\"]\n  ignore_growroot_disabled: false\n\nruncmd:\n  - sed -i 's/SELINUX=enforcing/SELINUX=disabled/g' /etc/selinux/config\n  - sed -i 'a\\UseDNS no' /etc/ssh/sshd_config\n",
            "template": "#cloud-config\nssh_pwauth: True\nchpasswd:\n  list: |\n     root:testtest\n  expire: False\n\npreserve_hostname: true\nhostname: ${deploy_hostname}\n\ngrowpart:\n  mode: auto\n  devices: [\"/\"]\n  ignore_growroot_disabled: false\n\nruncmd:\n  - sed -i 's/SELINUX=enforcing/SELINUX=disabled/g' /etc/selinux/config\n  - sed -i 'a\\UseDNS no' /etc/ssh/sshd_config\n",
            "vars": {
              "deploy_hostname": "wyj01_deploy_0"
            }
          }
        }
      ]
    },
    {
      "module": "module.kubernetes_module",
      "mode": "data",
      "type": "template_file",
      "name": "master_network_data",
      "provider": "provider[\"registry.terraform.io/hashicorp/template\"]",
      "instances": [
        {
          "index_key": 0,
          "schema_version": 0,
          "attributes": {
            "filename": null,
            "id": "eda72af35c9991237be5a6e3d976b2e726673265f96e791a0d517dadeb1ab289",
            "rendered": "network:\n  version: 1\n  config:\n  - type: physical\n    name: eth1\n    subnets:\n    - type: static\n      address: 10.98.90.10/24\n      gateway: 10.98.90.1\n      dns_nameservers:\n      - 8.8.8.8\n\n  - type: physical\n    name: eth2\n    subnets:\n    - type: static\n      address: 10.98.62.10/24\n      gateway: 10.98.62.1\n      dns_nameservers:\n      - 8.8.8.8\n",
            "template": "network:\n  version: 1\n  config:\n  - type: physical\n    name: eth1\n    subnets:\n    - type: static\n      address: ${master_deploy_address}/24\n      gateway: ${deploy_gateway}\n      dns_nameservers:\n      - 8.8.8.8\n\n  - type: physical\n    name: eth2\n    subnets:\n    - type: static\n      address: ${master_api_address}/24\n      gateway: ${api_gateway}\n      dns_nameservers:\n      - 8.8.8.8\n",
            "vars": {
              "api_gateway": "10.98.62.1",
              "deploy_gateway": "10.98.90.1",
              "master_api_address": "10.98.62.10",
              "master_deploy_address": "10.98.90.10"
            }
          }
        },
        {
          "index_key": 1,
          "schema_version": 0,
          "attributes": {
            "filename": null,
            "id": "99a3fb2b640b3ebf5d0d00e267c0e6d6394e200b5f8882d3295c4baaecc92e7c",
            "rendered": "network:\n  version: 1\n  config:\n  - type: physical\n    name: eth1\n    subnets:\n    - type: static\n      address: 10.98.90.11/24\n      gateway: 10.98.90.1\n      dns_nameservers:\n      - 8.8.8.8\n\n  - type: physical\n    name: eth2\n    subnets:\n    - type: static\n      address: 10.98.62.11/24\n      gateway: 10.98.62.1\n      dns_nameservers:\n      - 8.8.8.8\n",
            "template": "network:\n  version: 1\n  config:\n  - type: physical\n    name: eth1\n    subnets:\n    - type: static\n      address: ${master_deploy_address}/24\n      gateway: ${deploy_gateway}\n      dns_nameservers:\n      - 8.8.8.8\n\n  - type: physical\n    name: eth2\n    subnets:\n    - type: static\n      address: ${master_api_address}/24\n      gateway: ${api_gateway}\n      dns_nameservers:\n      - 8.8.8.8\n",
            "vars": {
              "api_gateway": "10.98.62.1",
              "deploy_gateway": "10.98.90.1",
              "master_api_address": "10.98.62.11",
              "master_deploy_address": "10.98.90.11"
            }
          }
        }
      ]
    },
    {
      "module": "module.kubernetes_module",
      "mode": "data",
      "type": "template_file",
      "name": "master_user_data",
      "provider": "provider[\"registry.terraform.io/hashicorp/template\"]",
      "instances": [
        {
          "index_key": 0,
          "schema_version": 0,
          "attributes": {
            "filename": null,
            "id": "f7e78a65342413229a6a963b8421df7ddd4f8496b872c0335cb43fdbe86d64e9",
            "rendered": "#cloud-config\nssh_pwauth: True\nchpasswd:\n  list: |\n     root:testtest\n  expire: False\n\npreserve_hostname: true\nhostname: wyj01_master_0\n\ngrowpart:\n  mode: auto\n  devices: [\"/\"]\n  ignore_growroot_disabled: false\n\nruncmd:\n  - sed -i 's/SELINUX=enforcing/SELINUX=disabled/g' /etc/selinux/config\n  - sed -i 'a\\UseDNS no' /etc/ssh/sshd_config\n",
            "template": "#cloud-config\nssh_pwauth: True\nchpasswd:\n  list: |\n     root:testtest\n  expire: False\n\npreserve_hostname: true\nhostname: ${master_hostname}\n\ngrowpart:\n  mode: auto\n  devices: [\"/\"]\n  ignore_growroot_disabled: false\n\nruncmd:\n  - sed -i 's/SELINUX=enforcing/SELINUX=disabled/g' /etc/selinux/config\n  - sed -i 'a\\UseDNS no' /etc/ssh/sshd_config\n",
            "vars": {
              "master_hostname": "wyj01_master_0"
            }
          }
        },
        {
          "index_key": 1,
          "schema_version": 0,
          "attributes": {
            "filename": null,
            "id": "bcccfa412faea433d363865530177986ee24834b5841abb06e8c6d97f9e4c937",
            "rendered": "#cloud-config\nssh_pwauth: True\nchpasswd:\n  list: |\n     root:testtest\n  expire: False\n\npreserve_hostname: true\nhostname: wyj01_master_1\n\ngrowpart:\n  mode: auto\n  devices: [\"/\"]\n  ignore_growroot_disabled: false\n\nruncmd:\n  - sed -i 's/SELINUX=enforcing/SELINUX=disabled/g' /etc/selinux/config\n  - sed -i 'a\\UseDNS no' /etc/ssh/sshd_config\n",
            "template": "#cloud-config\nssh_pwauth: True\nchpasswd:\n  list: |\n     root:testtest\n  expire: False\n\npreserve_hostname: true\nhostname: ${master_hostname}\n\ngrowpart:\n  mode: auto\n  devices: [\"/\"]\n  ignore_growroot_disabled: false\n\nruncmd:\n  - sed -i 's/SELINUX=enforcing/SELINUX=disabled/g' /etc/selinux/config\n  - sed -i 'a\\UseDNS no' /etc/ssh/sshd_config\n",
            "vars": {
              "master_hostname": "wyj01_master_1"
            }
          }
        }
      ]
    },
    {
      "module": "module.kubernetes_module",
      "mode": "data",
      "type": "template_file",
      "name": "worker_network_data",
      "provider": "provider[\"registry.terraform.io/hashicorp/template\"]",
      "instances": [
        {
          "index_key": 0,
          "schema_version": 0,
          "attributes": {
            "filename": null,
            "id": "8bc45cc91265a6ef3a845bcc8da92b636bb64c5d15f8d26be949251a4b858269",
            "rendered": "network:\n  version: 1\n  config:\n  - type: physical\n    name: eth1\n    subnets:\n    - type: static\n      address: 10.98.90.20/24\n      gateway: 10.98.90.1\n      dns_nameservers:\n      - 8.8.8.8\n\n  - type: physical\n    name: eth2\n    subnets:\n    - type: static\n      address: 10.98.62.20/24\n      gateway: 10.98.62.1\n      dns_nameservers:\n      - 8.8.8.8\n",
            "template": "network:\n  version: 1\n  config:\n  - type: physical\n    name: eth1\n    subnets:\n    - type: static\n      address: ${worker_deploy_address}/24\n      gateway: ${deploy_gateway}\n      dns_nameservers:\n      - 8.8.8.8\n\n  - type: physical\n    name: eth2\n    subnets:\n    - type: static\n      address: ${worker_api_address}/24\n      gateway: ${api_gateway}\n      dns_nameservers:\n      - 8.8.8.8\n",
            "vars": {
              "api_gateway": "10.98.62.1",
              "deploy_gateway": "10.98.90.1",
              "worker_api_address": "10.98.62.20",
              "worker_deploy_address": "10.98.90.20"
            }
          }
        },
        {
          "index_key": 1,
          "schema_version": 0,
          "attributes": {
            "filename": null,
            "id": "d3b055a215fa5339c0089abc1d030ec8d004b7ffcfa42ab1607b74bf06db091d",
            "rendered": "network:\n  version: 1\n  config:\n  - type: physical\n    name: eth1\n    subnets:\n    - type: static\n      address: 10.98.90.21/24\n      gateway: 10.98.90.1\n      dns_nameservers:\n      - 8.8.8.8\n\n  - type: physical\n    name: eth2\n    subnets:\n    - type: static\n      address: 10.98.62.21/24\n      gateway: 10.98.62.1\n      dns_nameservers:\n      - 8.8.8.8\n",
            "template": "network:\n  version: 1\n  config:\n  - type: physical\n    name: eth1\n    subnets:\n    - type: static\n      address: ${worker_deploy_address}/24\n      gateway: ${deploy_gateway}\n      dns_nameservers:\n      - 8.8.8.8\n\n  - type: physical\n    name: eth2\n    subnets:\n    - type: static\n      address: ${worker_api_address}/24\n      gateway: ${api_gateway}\n      dns_nameservers:\n      - 8.8.8.8\n",
            "vars": {
              "api_gateway": "10.98.62.1",
              "deploy_gateway": "10.98.90.1",
              "worker_api_address": "10.98.62.21",
              "worker_deploy_address": "10.98.90.21"
            }
          }
        },
        {
          "index_key": 2,
          "schema_version": 0,
          "attributes": {
            "filename": null,
            "id": "5d301ab513f4d47a4a455f085b118b07ed1b655dd8ffe9492b8f3207e66d13b2",
            "rendered": "network:\n  version: 1\n  config:\n  - type: physical\n    name: eth1\n    subnets:\n    - type: static\n      address: 10.98.90.22/24\n      gateway: 10.98.90.1\n      dns_nameservers:\n      - 8.8.8.8\n\n  - type: physical\n    name: eth2\n    subnets:\n    - type: static\n      address: 10.98.62.22/24\n      gateway: 10.98.62.1\n      dns_nameservers:\n      - 8.8.8.8\n",
            "template": "network:\n  version: 1\n  config:\n  - type: physical\n    name: eth1\n    subnets:\n    - type: static\n      address: ${worker_deploy_address}/24\n      gateway: ${deploy_gateway}\n      dns_nameservers:\n      - 8.8.8.8\n\n  - type: physical\n    name: eth2\n    subnets:\n    - type: static\n      address: ${worker_api_address}/24\n      gateway: ${api_gateway}\n      dns_nameservers:\n      - 8.8.8.8\n",
            "vars": {
              "api_gateway": "10.98.62.1",
              "deploy_gateway": "10.98.90.1",
              "worker_api_address": "10.98.62.22",
              "worker_deploy_address": "10.98.90.22"
            }
          }
        }
      ]
    },
    {
      "module": "module.kubernetes_module",
      "mode": "data",
      "type": "template_file",
      "name": "worker_user_data",
      "provider": "provider[\"registry.terraform.io/hashicorp/template\"]",
      "instances": [
        {
          "index_key": 0,
          "schema_version": 0,
          "attributes": {
            "filename": null,
            "id": "eb8b782f96440c1b079636ad535ff637c53015fa9ed7be088434020c03e0cd2c",
            "rendered": "#cloud-config\nssh_pwauth: True\nchpasswd:\n  list: |\n     root:testtest\n  expire: False\n\npreserve_hostname: true\nhostname: wyj01_worker_0\n\ngrowpart:\n  mode: auto\n  devices: [\"/\"]\n  ignore_growroot_disabled: false\n\nruncmd:\n  - sed -i 's/SELINUX=enforcing/SELINUX=disabled/g' /etc/selinux/config\n  - sed -i 'a\\UseDNS no' /etc/ssh/sshd_config\n",
            "template": "#cloud-config\nssh_pwauth: True\nchpasswd:\n  list: |\n     root:testtest\n  expire: False\n\npreserve_hostname: true\nhostname: ${worker_hostname}\n\ngrowpart:\n  mode: auto\n  devices: [\"/\"]\n  ignore_growroot_disabled: false\n\nruncmd:\n  - sed -i 's/SELINUX=enforcing/SELINUX=disabled/g' /etc/selinux/config\n  - sed -i 'a\\UseDNS no' /etc/ssh/sshd_config\n",
            "vars": {
              "worker_hostname": "wyj01_worker_0"
            }
          }
        },
        {
          "index_key": 1,
          "schema_version": 0,
          "attributes": {
            "filename": null,
            "id": "42bec9ae028ab02175cf9cb38b97d1ee2dd1d5d3f7ed929d0fda68560e2ef425",
            "rendered": "#cloud-config\nssh_pwauth: True\nchpasswd:\n  list: |\n     root:testtest\n  expire: False\n\npreserve_hostname: true\nhostname: wyj01_worker_1\n\ngrowpart:\n  mode: auto\n  devices: [\"/\"]\n  ignore_growroot_disabled: false\n\nruncmd:\n  - sed -i 's/SELINUX=enforcing/SELINUX=disabled/g' /etc/selinux/config\n  - sed -i 'a\\UseDNS no' /etc/ssh/sshd_config\n",
            "template": "#cloud-config\nssh_pwauth: True\nchpasswd:\n  list: |\n     root:testtest\n  expire: False\n\npreserve_hostname: true\nhostname: ${worker_hostname}\n\ngrowpart:\n  mode: auto\n  devices: [\"/\"]\n  ignore_growroot_disabled: false\n\nruncmd:\n  - sed -i 's/SELINUX=enforcing/SELINUX=disabled/g' /etc/selinux/config\n  - sed -i 'a\\UseDNS no' /etc/ssh/sshd_config\n",
            "vars": {
              "worker_hostname": "wyj01_worker_1"
            }
          }
        },
        {
          "index_key": 2,
          "schema_version": 0,
          "attributes": {
            "filename": null,
            "id": "d59f99d8928c97a3aede5c49de619c6fdc971bd90178597852dab95aa1573464",
            "rendered": "#cloud-config\nssh_pwauth: True\nchpasswd:\n  list: |\n     root:testtest\n  expire: False\n\npreserve_hostname: true\nhostname: wyj01_worker_2\n\ngrowpart:\n  mode: auto\n  devices: [\"/\"]\n  ignore_growroot_disabled: false\n\nruncmd:\n  - sed -i 's/SELINUX=enforcing/SELINUX=disabled/g' /etc/selinux/config\n  - sed -i 'a\\UseDNS no' /etc/ssh/sshd_config\n",
            "template": "#cloud-config\nssh_pwauth: True\nchpasswd:\n  list: |\n     root:testtest\n  expire: False\n\npreserve_hostname: true\nhostname: ${worker_hostname}\n\ngrowpart:\n  mode: auto\n  devices: [\"/\"]\n  ignore_growroot_disabled: false\n\nruncmd:\n  - sed -i 's/SELINUX=enforcing/SELINUX=disabled/g' /etc/selinux/config\n  - sed -i 'a\\UseDNS no' /etc/ssh/sshd_config\n",
            "vars": {
              "worker_hostname": "wyj01_worker_2"
            }
          }
        }
      ]
    },
    {
      "module": "module.kubernetes_module",
      "mode": "managed",
      "type": "libvirt_cloudinit_disk",
      "name": "deploy_init",
      "provider": "module.kubernetes_module.provider[\"registry.terraform.io/dmacvicar/libvirt\"]",
      "instances": [
        {
          "index_key": 0,
          "schema_version": 0,
          "attributes": {
            "id": "/var/lib/libvirt/images/wyj01_deploy_cloutinit_0.iso;5fb91539-ee78-bc41-12b3-e56a98ba9f0e",
            "meta_data": "",
            "name": "wyj01_deploy_cloutinit_0.iso",
            "network_config": "network:\n  version: 1\n  config:\n  - type: physical\n    name: eth1\n    subnets:\n    - type: static\n      address: 10.98.90.90/24\n      gateway: 10.98.90.1\n      dns_nameservers:\n      - 8.8.8.8\n\n  - type: physical\n    name: eth2\n    subnets:\n    - type: static\n      address: 10.98.62.90/24\n      gateway: 10.98.62.1\n      dns_nameservers:\n      - 8.8.8.8\n",
            "pool": "default",
            "user_data": "#cloud-config\nssh_pwauth: True\nchpasswd:\n  list: |\n     root:testtest\n  expire: False\n\npreserve_hostname: true\nhostname: wyj01_deploy_0\n\ngrowpart:\n  mode: auto\n  devices: [\"/\"]\n  ignore_growroot_disabled: false\n\nruncmd:\n  - sed -i 's/SELINUX=enforcing/SELINUX=disabled/g' /etc/selinux/config\n  - sed -i 'a\\UseDNS no' /etc/ssh/sshd_config\n"
          },
          "private": "bnVsbA==",
          "dependencies": [
            "module.kubernetes_module.data.template_file.deploy_network_data",
            "module.kubernetes_module.data.template_file.deploy_user_data"
          ]
        }
      ]
    },
    {
      "module": "module.kubernetes_module",
      "mode": "managed",
      "type": "libvirt_cloudinit_disk",
      "name": "master_init",
      "provider": "module.kubernetes_module.provider[\"registry.terraform.io/dmacvicar/libvirt\"]",
      "instances": [
        {
          "index_key": 0,
          "schema_version": 0,
          "attributes": {
            "id": "/var/lib/libvirt/images/wyj01_master_cloutinit_0.iso;5fb91539-14d5-e8b3-0210-f16bffe52929",
            "meta_data": "",
            "name": "wyj01_master_cloutinit_0.iso",
            "network_config": "network:\n  version: 1\n  config:\n  - type: physical\n    name: eth1\n    subnets:\n    - type: static\n      address: 10.98.90.10/24\n      gateway: 10.98.90.1\n      dns_nameservers:\n      - 8.8.8.8\n\n  - type: physical\n    name: eth2\n    subnets:\n    - type: static\n      address: 10.98.62.10/24\n      gateway: 10.98.62.1\n      dns_nameservers:\n      - 8.8.8.8\n",
            "pool": "default",
            "user_data": "#cloud-config\nssh_pwauth: True\nchpasswd:\n  list: |\n     root:testtest\n  expire: False\n\npreserve_hostname: true\nhostname: wyj01_master_0\n\ngrowpart:\n  mode: auto\n  devices: [\"/\"]\n  ignore_growroot_disabled: false\n\nruncmd:\n  - sed -i 's/SELINUX=enforcing/SELINUX=disabled/g' /etc/selinux/config\n  - sed -i 'a\\UseDNS no' /etc/ssh/sshd_config\n"
          },
          "private": "bnVsbA==",
          "dependencies": [
            "module.kubernetes_module.data.template_file.master_network_data",
            "module.kubernetes_module.data.template_file.master_user_data"
          ]
        },
        {
          "index_key": 1,
          "schema_version": 0,
          "attributes": {
            "id": "/var/lib/libvirt/images/wyj01_master_cloutinit_1.iso;5fb91539-1301-0db2-02c6-62e9b5469701",
            "meta_data": "",
            "name": "wyj01_master_cloutinit_1.iso",
            "network_config": "network:\n  version: 1\n  config:\n  - type: physical\n    name: eth1\n    subnets:\n    - type: static\n      address: 10.98.90.11/24\n      gateway: 10.98.90.1\n      dns_nameservers:\n      - 8.8.8.8\n\n  - type: physical\n    name: eth2\n    subnets:\n    - type: static\n      address: 10.98.62.11/24\n      gateway: 10.98.62.1\n      dns_nameservers:\n      - 8.8.8.8\n",
            "pool": "default",
            "user_data": "#cloud-config\nssh_pwauth: True\nchpasswd:\n  list: |\n     root:testtest\n  expire: False\n\npreserve_hostname: true\nhostname: wyj01_master_1\n\ngrowpart:\n  mode: auto\n  devices: [\"/\"]\n  ignore_growroot_disabled: false\n\nruncmd:\n  - sed -i 's/SELINUX=enforcing/SELINUX=disabled/g' /etc/selinux/config\n  - sed -i 'a\\UseDNS no' /etc/ssh/sshd_config\n"
          },
          "private": "bnVsbA==",
          "dependencies": [
            "module.kubernetes_module.data.template_file.master_network_data",
            "module.kubernetes_module.data.template_file.master_user_data"
          ]
        }
      ]
    },
    {
      "module": "module.kubernetes_module",
      "mode": "managed",
      "type": "libvirt_cloudinit_disk",
      "name": "worker_init",
      "provider": "module.kubernetes_module.provider[\"registry.terraform.io/dmacvicar/libvirt\"]",
      "instances": [
        {
          "index_key": 0,
          "schema_version": 0,
          "attributes": {
            "id": "/var/lib/libvirt/images/wyj01_worker_cloutinit_0.iso;5fb91539-234a-5d0d-47e4-ac207b2f30af",
            "meta_data": "",
            "name": "wyj01_worker_cloutinit_0.iso",
            "network_config": "network:\n  version: 1\n  config:\n  - type: physical\n    name: eth1\n    subnets:\n    - type: static\n      address: 10.98.90.20/24\n      gateway: 10.98.90.1\n      dns_nameservers:\n      - 8.8.8.8\n\n  - type: physical\n    name: eth2\n    subnets:\n    - type: static\n      address: 10.98.62.20/24\n      gateway: 10.98.62.1\n      dns_nameservers:\n      - 8.8.8.8\n",
            "pool": "default",
            "user_data": "#cloud-config\nssh_pwauth: True\nchpasswd:\n  list: |\n     root:testtest\n  expire: False\n\npreserve_hostname: true\nhostname: wyj01_worker_0\n\ngrowpart:\n  mode: auto\n  devices: [\"/\"]\n  ignore_growroot_disabled: false\n\nruncmd:\n  - sed -i 's/SELINUX=enforcing/SELINUX=disabled/g' /etc/selinux/config\n  - sed -i 'a\\UseDNS no' /etc/ssh/sshd_config\n"
          },
          "private": "bnVsbA==",
          "dependencies": [
            "module.kubernetes_module.data.template_file.worker_network_data",
            "module.kubernetes_module.data.template_file.worker_user_data"
          ]
        },
        {
          "index_key": 1,
          "schema_version": 0,
          "attributes": {
            "id": "/var/lib/libvirt/images/wyj01_worker_cloutinit_1.iso;5fb91539-e785-e9c3-c855-21e6ea323282",
            "meta_data": "",
            "name": "wyj01_worker_cloutinit_1.iso",
            "network_config": "network:\n  version: 1\n  config:\n  - type: physical\n    name: eth1\n    subnets:\n    - type: static\n      address: 10.98.90.21/24\n      gateway: 10.98.90.1\n      dns_nameservers:\n      - 8.8.8.8\n\n  - type: physical\n    name: eth2\n    subnets:\n    - type: static\n      address: 10.98.62.21/24\n      gateway: 10.98.62.1\n      dns_nameservers:\n      - 8.8.8.8\n",
            "pool": "default",
            "user_data": "#cloud-config\nssh_pwauth: True\nchpasswd:\n  list: |\n     root:testtest\n  expire: False\n\npreserve_hostname: true\nhostname: wyj01_worker_1\n\ngrowpart:\n  mode: auto\n  devices: [\"/\"]\n  ignore_growroot_disabled: false\n\nruncmd:\n  - sed -i 's/SELINUX=enforcing/SELINUX=disabled/g' /etc/selinux/config\n  - sed -i 'a\\UseDNS no' /etc/ssh/sshd_config\n"
          },
          "private": "bnVsbA==",
          "dependencies": [
            "module.kubernetes_module.data.template_file.worker_network_data",
            "module.kubernetes_module.data.template_file.worker_user_data"
          ]
        },
        {
          "index_key": 2,
          "schema_version": 0,
          "attributes": {
            "id": "/var/lib/libvirt/images/wyj01_worker_cloutinit_2.iso;5fb91539-92f1-41bc-aedb-d7d8d677fdef",
            "meta_data": "",
            "name": "wyj01_worker_cloutinit_2.iso",
            "network_config": "network:\n  version: 1\n  config:\n  - type: physical\n    name: eth1\n    subnets:\n    - type: static\n      address: 10.98.90.22/24\n      gateway: 10.98.90.1\n      dns_nameservers:\n      - 8.8.8.8\n\n  - type: physical\n    name: eth2\n    subnets:\n    - type: static\n      address: 10.98.62.22/24\n      gateway: 10.98.62.1\n      dns_nameservers:\n      - 8.8.8.8\n",
            "pool": "default",
            "user_data": "#cloud-config\nssh_pwauth: True\nchpasswd:\n  list: |\n     root:testtest\n  expire: False\n\npreserve_hostname: true\nhostname: wyj01_worker_2\n\ngrowpart:\n  mode: auto\n  devices: [\"/\"]\n  ignore_growroot_disabled: false\n\nruncmd:\n  - sed -i 's/SELINUX=enforcing/SELINUX=disabled/g' /etc/selinux/config\n  - sed -i 'a\\UseDNS no' /etc/ssh/sshd_config\n"
          },
          "private": "bnVsbA==",
          "dependencies": [
            "module.kubernetes_module.data.template_file.worker_network_data",
            "module.kubernetes_module.data.template_file.worker_user_data"
          ]
        }
      ]
    },
    {
      "module": "module.kubernetes_module",
      "mode": "managed",
      "type": "libvirt_domain",
      "name": "deploy",
      "provider": "module.kubernetes_module.provider[\"registry.terraform.io/dmacvicar/libvirt\"]",
      "instances": [
        {
          "index_key": 0,
          "schema_version": 0,
          "attributes": {
            "arch": "x86_64",
            "autostart": true,
            "boot_device": [],
            "cloudinit": "/var/lib/libvirt/images/wyj01_deploy_cloutinit_0.iso;5fb91539-ee78-bc41-12b3-e56a98ba9f0e",
            "cmdline": null,
            "console": [
              {
                "source_host": "127.0.0.1",
                "source_path": "",
                "source_service": "0",
                "target_port": "0",
                "target_type": "",
                "type": "pty"
              }
            ],
            "coreos_ignition": null,
            "cpu": null,
            "description": "",
            "disk": [
              {
                "block_device": "",
                "file": "",
                "scsi": false,
                "url": "",
                "volume_id": "/data/yjwang_pool/deploy_wyj01_1.qcow2",
                "wwn": ""
              }
            ],
            "emulator": "/usr/libexec/qemu-kvm",
            "filesystem": [],
            "firmware": "",
            "fw_cfg_name": "opt/com.coreos/config",
            "graphics": [],
            "id": "6915986f-d52d-44c8-b915-f20a93a5f7f4",
            "initrd": "",
            "kernel": "",
            "machine": "pc",
            "memory": 16384,
            "metadata": null,
            "name": "wyj01_deploy_0",
            "network_interface": [
              {
                "addresses": [],
                "bridge": "br0",
                "hostname": "",
                "mac": "52:54:00:6A:CE:1E",
                "macvtap": "",
                "network_id": "",
                "network_name": "",
                "passthrough": "",
                "vepa": "",
                "wait_for_lease": false
              },
              {
                "addresses": [],
                "bridge": "",
                "hostname": "",
                "mac": "52:54:00:52:75:90",
                "macvtap": "",
                "network_id": "4d5c643d-feec-4799-8a14-774461fb0fe7",
                "network_name": "wyj_k8s_deploy0",
                "passthrough": "",
                "vepa": "",
                "wait_for_lease": false
              },
              {
                "addresses": [],
                "bridge": "",
                "hostname": "",
                "mac": "52:54:00:C6:9B:CB",
                "macvtap": "",
                "network_id": "23cbdd8e-3f1a-4eac-b8c0-272aba9263bd",
                "network_name": "wyj_k8s_api0",
                "passthrough": "",
                "vepa": "",
                "wait_for_lease": false
              }
            ],
            "nvram": [],
            "qemu_agent": false,
            "running": true,
            "timeouts": null,
            "vcpu": 8,
            "video": [],
            "xml": []
          },
          "private": "eyJlMmJmYjczMC1lY2FhLTExZTYtOGY4OC0zNDM2M2JjN2M0YzAiOnsiY3JlYXRlIjozMDAwMDAwMDAwMDB9fQ==",
          "dependencies": [
            "module.kubernetes_module.data.template_file.deploy_network_data",
            "module.kubernetes_module.data.template_file.deploy_user_data",
            "module.kubernetes_module.libvirt_cloudinit_disk.deploy_init",
            "module.kubernetes_module.libvirt_network.api_network",
            "module.kubernetes_module.libvirt_network.deploy_network",
            "module.kubernetes_module.libvirt_volume.base_volume",
            "module.kubernetes_module.libvirt_volume.deploy_volume"
          ]
        }
      ]
    },
    {
      "module": "module.kubernetes_module",
      "mode": "managed",
      "type": "libvirt_domain",
      "name": "master",
      "provider": "module.kubernetes_module.provider[\"registry.terraform.io/dmacvicar/libvirt\"]",
      "instances": [
        {
          "index_key": 0,
          "schema_version": 0,
          "attributes": {
            "arch": "x86_64",
            "autostart": true,
            "boot_device": [],
            "cloudinit": "/var/lib/libvirt/images/wyj01_master_cloutinit_0.iso;5fb91539-14d5-e8b3-0210-f16bffe52929",
            "cmdline": null,
            "console": [
              {
                "source_host": "127.0.0.1",
                "source_path": "",
                "source_service": "0",
                "target_port": "0",
                "target_type": "",
                "type": "pty"
              }
            ],
            "coreos_ignition": null,
            "cpu": null,
            "description": "",
            "disk": [
              {
                "block_device": "",
                "file": "",
                "scsi": false,
                "url": "",
                "volume_id": "/data/yjwang_pool/master_wyj01_1.qcow2",
                "wwn": ""
              }
            ],
            "emulator": "/usr/libexec/qemu-kvm",
            "filesystem": [],
            "firmware": "",
            "fw_cfg_name": "opt/com.coreos/config",
            "graphics": [],
            "id": "153aacc9-bf1b-4a48-925b-4613049a02cb",
            "initrd": "",
            "kernel": "",
            "machine": "pc",
            "memory": 16384,
            "metadata": null,
            "name": "wyj01_master_0",
            "network_interface": [
              {
                "addresses": [],
                "bridge": "br0",
                "hostname": "",
                "mac": "52:54:00:2E:B4:0D",
                "macvtap": "",
                "network_id": "",
                "network_name": "",
                "passthrough": "",
                "vepa": "",
                "wait_for_lease": false
              },
              {
                "addresses": [],
                "bridge": "",
                "hostname": "",
                "mac": "52:54:00:0A:86:B9",
                "macvtap": "",
                "network_id": "4d5c643d-feec-4799-8a14-774461fb0fe7",
                "network_name": "wyj_k8s_deploy0",
                "passthrough": "",
                "vepa": "",
                "wait_for_lease": false
              },
              {
                "addresses": [],
                "bridge": "",
                "hostname": "",
                "mac": "52:54:00:5E:E2:28",
                "macvtap": "",
                "network_id": "23cbdd8e-3f1a-4eac-b8c0-272aba9263bd",
                "network_name": "wyj_k8s_api0",
                "passthrough": "",
                "vepa": "",
                "wait_for_lease": false
              }
            ],
            "nvram": [],
            "qemu_agent": false,
            "running": true,
            "timeouts": null,
            "vcpu": 8,
            "video": [],
            "xml": []
          },
          "private": "eyJlMmJmYjczMC1lY2FhLTExZTYtOGY4OC0zNDM2M2JjN2M0YzAiOnsiY3JlYXRlIjozMDAwMDAwMDAwMDB9fQ==",
          "dependencies": [
            "module.kubernetes_module.data.template_file.master_network_data",
            "module.kubernetes_module.data.template_file.master_user_data",
            "module.kubernetes_module.libvirt_cloudinit_disk.master_init",
            "module.kubernetes_module.libvirt_network.api_network",
            "module.kubernetes_module.libvirt_network.deploy_network",
            "module.kubernetes_module.libvirt_volume.base_volume",
            "module.kubernetes_module.libvirt_volume.master_volume"
          ]
        },
        {
          "index_key": 1,
          "schema_version": 0,
          "attributes": {
            "arch": "x86_64",
            "autostart": true,
            "boot_device": [],
            "cloudinit": "/var/lib/libvirt/images/wyj01_master_cloutinit_1.iso;5fb91539-1301-0db2-02c6-62e9b5469701",
            "cmdline": null,
            "console": [
              {
                "source_host": "127.0.0.1",
                "source_path": "",
                "source_service": "0",
                "target_port": "0",
                "target_type": "",
                "type": "pty"
              }
            ],
            "coreos_ignition": null,
            "cpu": null,
            "description": "",
            "disk": [
              {
                "block_device": "",
                "file": "",
                "scsi": false,
                "url": "",
                "volume_id": "/data/yjwang_pool/master_wyj01_2.qcow2",
                "wwn": ""
              }
            ],
            "emulator": "/usr/libexec/qemu-kvm",
            "filesystem": [],
            "firmware": "",
            "fw_cfg_name": "opt/com.coreos/config",
            "graphics": [],
            "id": "bfb20278-1af3-416c-bc61-65f866d0d5ae",
            "initrd": "",
            "kernel": "",
            "machine": "pc",
            "memory": 16384,
            "metadata": null,
            "name": "wyj01_master_1",
            "network_interface": [
              {
                "addresses": [],
                "bridge": "br0",
                "hostname": "",
                "mac": "52:54:00:7A:74:8B",
                "macvtap": "",
                "network_id": "",
                "network_name": "",
                "passthrough": "",
                "vepa": "",
                "wait_for_lease": false
              },
              {
                "addresses": [],
                "bridge": "",
                "hostname": "",
                "mac": "52:54:00:32:45:7D",
                "macvtap": "",
                "network_id": "4d5c643d-feec-4799-8a14-774461fb0fe7",
                "network_name": "wyj_k8s_deploy0",
                "passthrough": "",
                "vepa": "",
                "wait_for_lease": false
              },
              {
                "addresses": [],
                "bridge": "",
                "hostname": "",
                "mac": "52:54:00:EE:0E:7E",
                "macvtap": "",
                "network_id": "23cbdd8e-3f1a-4eac-b8c0-272aba9263bd",
                "network_name": "wyj_k8s_api0",
                "passthrough": "",
                "vepa": "",
                "wait_for_lease": false
              }
            ],
            "nvram": [],
            "qemu_agent": false,
            "running": true,
            "timeouts": null,
            "vcpu": 8,
            "video": [],
            "xml": []
          },
          "private": "eyJlMmJmYjczMC1lY2FhLTExZTYtOGY4OC0zNDM2M2JjN2M0YzAiOnsiY3JlYXRlIjozMDAwMDAwMDAwMDB9fQ==",
          "dependencies": [
            "module.kubernetes_module.data.template_file.master_network_data",
            "module.kubernetes_module.data.template_file.master_user_data",
            "module.kubernetes_module.libvirt_cloudinit_disk.master_init",
            "module.kubernetes_module.libvirt_network.api_network",
            "module.kubernetes_module.libvirt_network.deploy_network",
            "module.kubernetes_module.libvirt_volume.base_volume",
            "module.kubernetes_module.libvirt_volume.master_volume"
          ]
        }
      ]
    },
    {
      "module": "module.kubernetes_module",
      "mode": "managed",
      "type": "libvirt_domain",
      "name": "worker",
      "provider": "module.kubernetes_module.provider[\"registry.terraform.io/dmacvicar/libvirt\"]",
      "instances": [
        {
          "index_key": 0,
          "schema_version": 0,
          "attributes": {
            "arch": "x86_64",
            "autostart": true,
            "boot_device": [],
            "cloudinit": "/var/lib/libvirt/images/wyj01_worker_cloutinit_0.iso;5fb91539-234a-5d0d-47e4-ac207b2f30af",
            "cmdline": null,
            "console": [
              {
                "source_host": "127.0.0.1",
                "source_path": "",
                "source_service": "0",
                "target_port": "0",
                "target_type": "",
                "type": "pty"
              }
            ],
            "coreos_ignition": null,
            "cpu": null,
            "description": "",
            "disk": [
              {
                "block_device": "",
                "file": "",
                "scsi": false,
                "url": "",
                "volume_id": "/data/yjwang_pool/worker_wyj01_1.qcow2",
                "wwn": ""
              }
            ],
            "emulator": "/usr/libexec/qemu-kvm",
            "filesystem": [],
            "firmware": "",
            "fw_cfg_name": "opt/com.coreos/config",
            "graphics": [],
            "id": "581153a0-a2e7-47a3-8b35-e478111e22bb",
            "initrd": "",
            "kernel": "",
            "machine": "pc",
            "memory": 16384,
            "metadata": null,
            "name": "wyj01_worker_0",
            "network_interface": [
              {
                "addresses": [],
                "bridge": "br0",
                "hostname": "",
                "mac": "52:54:00:2A:5F:F7",
                "macvtap": "",
                "network_id": "",
                "network_name": "",
                "passthrough": "",
                "vepa": "",
                "wait_for_lease": false
              },
              {
                "addresses": [],
                "bridge": "",
                "hostname": "",
                "mac": "52:54:00:1E:24:84",
                "macvtap": "",
                "network_id": "4d5c643d-feec-4799-8a14-774461fb0fe7",
                "network_name": "wyj_k8s_deploy0",
                "passthrough": "",
                "vepa": "",
                "wait_for_lease": false
              },
              {
                "addresses": [],
                "bridge": "",
                "hostname": "",
                "mac": "52:54:00:9E:29:87",
                "macvtap": "",
                "network_id": "23cbdd8e-3f1a-4eac-b8c0-272aba9263bd",
                "network_name": "wyj_k8s_api0",
                "passthrough": "",
                "vepa": "",
                "wait_for_lease": false
              }
            ],
            "nvram": [],
            "qemu_agent": false,
            "running": true,
            "timeouts": null,
            "vcpu": 8,
            "video": [],
            "xml": []
          },
          "private": "eyJlMmJmYjczMC1lY2FhLTExZTYtOGY4OC0zNDM2M2JjN2M0YzAiOnsiY3JlYXRlIjozMDAwMDAwMDAwMDB9fQ==",
          "dependencies": [
            "module.kubernetes_module.data.template_file.worker_network_data",
            "module.kubernetes_module.data.template_file.worker_user_data",
            "module.kubernetes_module.libvirt_cloudinit_disk.worker_init",
            "module.kubernetes_module.libvirt_network.api_network",
            "module.kubernetes_module.libvirt_network.deploy_network",
            "module.kubernetes_module.libvirt_volume.base_volume",
            "module.kubernetes_module.libvirt_volume.worker_volume"
          ]
        },
        {
          "index_key": 1,
          "schema_version": 0,
          "attributes": {
            "arch": "x86_64",
            "autostart": true,
            "boot_device": [],
            "cloudinit": "/var/lib/libvirt/images/wyj01_worker_cloutinit_1.iso;5fb91539-e785-e9c3-c855-21e6ea323282",
            "cmdline": null,
            "console": [
              {
                "source_host": "127.0.0.1",
                "source_path": "",
                "source_service": "0",
                "target_port": "0",
                "target_type": "",
                "type": "pty"
              }
            ],
            "coreos_ignition": null,
            "cpu": null,
            "description": "",
            "disk": [
              {
                "block_device": "",
                "file": "",
                "scsi": false,
                "url": "",
                "volume_id": "/data/yjwang_pool/worker_wyj01_2.qcow2",
                "wwn": ""
              }
            ],
            "emulator": "/usr/libexec/qemu-kvm",
            "filesystem": [],
            "firmware": "",
            "fw_cfg_name": "opt/com.coreos/config",
            "graphics": [],
            "id": "68584cf5-ca3a-4883-9d91-0fd45ea77876",
            "initrd": "",
            "kernel": "",
            "machine": "pc",
            "memory": 16384,
            "metadata": null,
            "name": "wyj01_worker_1",
            "network_interface": [
              {
                "addresses": [],
                "bridge": "br0",
                "hostname": "",
                "mac": "52:54:00:2A:C8:E8",
                "macvtap": "",
                "network_id": "",
                "network_name": "",
                "passthrough": "",
                "vepa": "",
                "wait_for_lease": false
              },
              {
                "addresses": [],
                "bridge": "",
                "hostname": "",
                "mac": "52:54:00:BE:5E:EB",
                "macvtap": "",
                "network_id": "4d5c643d-feec-4799-8a14-774461fb0fe7",
                "network_name": "wyj_k8s_deploy0",
                "passthrough": "",
                "vepa": "",
                "wait_for_lease": false
              },
              {
                "addresses": [],
                "bridge": "",
                "hostname": "",
                "mac": "52:54:00:A2:B4:3E",
                "macvtap": "",
                "network_id": "23cbdd8e-3f1a-4eac-b8c0-272aba9263bd",
                "network_name": "wyj_k8s_api0",
                "passthrough": "",
                "vepa": "",
                "wait_for_lease": false
              }
            ],
            "nvram": [],
            "qemu_agent": false,
            "running": true,
            "timeouts": null,
            "vcpu": 8,
            "video": [],
            "xml": []
          },
          "private": "eyJlMmJmYjczMC1lY2FhLTExZTYtOGY4OC0zNDM2M2JjN2M0YzAiOnsiY3JlYXRlIjozMDAwMDAwMDAwMDB9fQ==",
          "dependencies": [
            "module.kubernetes_module.data.template_file.worker_network_data",
            "module.kubernetes_module.data.template_file.worker_user_data",
            "module.kubernetes_module.libvirt_cloudinit_disk.worker_init",
            "module.kubernetes_module.libvirt_network.api_network",
            "module.kubernetes_module.libvirt_network.deploy_network",
            "module.kubernetes_module.libvirt_volume.base_volume",
            "module.kubernetes_module.libvirt_volume.worker_volume"
          ]
        },
        {
          "index_key": 2,
          "schema_version": 0,
          "attributes": {
            "arch": "x86_64",
            "autostart": true,
            "boot_device": [],
            "cloudinit": "/var/lib/libvirt/images/wyj01_worker_cloutinit_2.iso;5fb91539-92f1-41bc-aedb-d7d8d677fdef",
            "cmdline": null,
            "console": [
              {
                "source_host": "127.0.0.1",
                "source_path": "",
                "source_service": "0",
                "target_port": "0",
                "target_type": "",
                "type": "pty"
              }
            ],
            "coreos_ignition": null,
            "cpu": null,
            "description": "",
            "disk": [
              {
                "block_device": "",
                "file": "",
                "scsi": false,
                "url": "",
                "volume_id": "/data/yjwang_pool/worker_wyj01_3.qcow2",
                "wwn": ""
              }
            ],
            "emulator": "/usr/libexec/qemu-kvm",
            "filesystem": [],
            "firmware": "",
            "fw_cfg_name": "opt/com.coreos/config",
            "graphics": [],
            "id": "4bc1b85a-0281-40bd-80aa-2dcffa82e711",
            "initrd": "",
            "kernel": "",
            "machine": "pc",
            "memory": 16384,
            "metadata": null,
            "name": "wyj01_worker_2",
            "network_interface": [
              {
                "addresses": [],
                "bridge": "br0",
                "hostname": "",
                "mac": "52:54:00:AE:AB:CD",
                "macvtap": "",
                "network_id": "",
                "network_name": "",
                "passthrough": "",
                "vepa": "",
                "wait_for_lease": false
              },
              {
                "addresses": [],
                "bridge": "",
                "hostname": "",
                "mac": "52:54:00:02:36:10",
                "macvtap": "",
                "network_id": "4d5c643d-feec-4799-8a14-774461fb0fe7",
                "network_name": "wyj_k8s_deploy0",
                "passthrough": "",
                "vepa": "",
                "wait_for_lease": false
              },
              {
                "addresses": [],
                "bridge": "",
                "hostname": "",
                "mac": "52:54:00:2E:5F:DB",
                "macvtap": "",
                "network_id": "23cbdd8e-3f1a-4eac-b8c0-272aba9263bd",
                "network_name": "wyj_k8s_api0",
                "passthrough": "",
                "vepa": "",
                "wait_for_lease": false
              }
            ],
            "nvram": [],
            "qemu_agent": false,
            "running": true,
            "timeouts": null,
            "vcpu": 8,
            "video": [],
            "xml": []
          },
          "private": "eyJlMmJmYjczMC1lY2FhLTExZTYtOGY4OC0zNDM2M2JjN2M0YzAiOnsiY3JlYXRlIjozMDAwMDAwMDAwMDB9fQ==",
          "dependencies": [
            "module.kubernetes_module.data.template_file.worker_network_data",
            "module.kubernetes_module.data.template_file.worker_user_data",
            "module.kubernetes_module.libvirt_cloudinit_disk.worker_init",
            "module.kubernetes_module.libvirt_network.api_network",
            "module.kubernetes_module.libvirt_network.deploy_network",
            "module.kubernetes_module.libvirt_volume.base_volume",
            "module.kubernetes_module.libvirt_volume.worker_volume"
          ]
        }
      ]
    },
    {
      "module": "module.kubernetes_module",
      "mode": "managed",
      "type": "libvirt_network",
      "name": "api_network",
      "provider": "module.kubernetes_module.provider[\"registry.terraform.io/dmacvicar/libvirt\"]",
      "instances": [
        {
          "schema_version": 0,
          "attributes": {
            "addresses": [
              "10.98.62.0/24"
            ],
            "autostart": true,
            "bridge": "wyj_k8s_api0",
            "dhcp": [],
            "dns": [],
            "domain": null,
            "id": "23cbdd8e-3f1a-4eac-b8c0-272aba9263bd",
            "mode": "nat",
            "mtu": null,
            "name": "wyj_k8s_api0",
            "routes": [],
            "xml": []
          },
          "private": "bnVsbA=="
        }
      ]
    },
    {
      "module": "module.kubernetes_module",
      "mode": "managed",
      "type": "libvirt_network",
      "name": "deploy_network",
      "provider": "module.kubernetes_module.provider[\"registry.terraform.io/dmacvicar/libvirt\"]",
      "instances": [
        {
          "schema_version": 0,
          "attributes": {
            "addresses": [
              "10.98.90.0/24"
            ],
            "autostart": true,
            "bridge": "wyj_k8s_deploy0",
            "dhcp": [],
            "dns": [],
            "domain": null,
            "id": "4d5c643d-feec-4799-8a14-774461fb0fe7",
            "mode": "nat",
            "mtu": null,
            "name": "wyj_k8s_deploy0",
            "routes": [],
            "xml": []
          },
          "private": "bnVsbA=="
        }
      ]
    },
    {
      "module": "module.kubernetes_module",
      "mode": "managed",
      "type": "libvirt_volume",
      "name": "base_volume",
      "provider": "module.kubernetes_module.provider[\"registry.terraform.io/dmacvicar/libvirt\"]",
      "instances": [
        {
          "schema_version": 0,
          "attributes": {
            "base_volume_id": null,
            "base_volume_name": null,
            "base_volume_pool": null,
            "format": "qcow2",
            "id": "/data/yjwang_pool/base_volume.qcow2",
            "name": "base_volume.qcow2",
            "pool": "yjwang_pool",
            "size": 10737418240,
            "source": "/usr/vm-template/CentOS-8.2.qcow2",
            "xml": []
          },
          "private": "bnVsbA=="
        }
      ]
    },
    {
      "module": "module.kubernetes_module",
      "mode": "managed",
      "type": "libvirt_volume",
      "name": "deploy_volume",
      "provider": "module.kubernetes_module.provider[\"registry.terraform.io/dmacvicar/libvirt\"]",
      "instances": [
        {
          "index_key": 0,
          "schema_version": 0,
          "attributes": {
            "base_volume_id": "/data/yjwang_pool/base_volume.qcow2",
            "base_volume_name": null,
            "base_volume_pool": null,
            "format": "qcow2",
            "id": "/data/yjwang_pool/deploy_wyj01_1.qcow2",
            "name": "deploy_wyj01_1.qcow2",
            "pool": "yjwang_pool",
            "size": 25474836480,
            "source": null,
            "xml": []
          },
          "private": "bnVsbA==",
          "dependencies": [
            "module.kubernetes_module.libvirt_volume.base_volume"
          ]
        }
      ]
    },
    {
      "module": "module.kubernetes_module",
      "mode": "managed",
      "type": "libvirt_volume",
      "name": "master_volume",
      "provider": "module.kubernetes_module.provider[\"registry.terraform.io/dmacvicar/libvirt\"]",
      "instances": [
        {
          "index_key": 0,
          "schema_version": 0,
          "attributes": {
            "base_volume_id": "/data/yjwang_pool/base_volume.qcow2",
            "base_volume_name": null,
            "base_volume_pool": null,
            "format": "qcow2",
            "id": "/data/yjwang_pool/master_wyj01_1.qcow2",
            "name": "master_wyj01_1.qcow2",
            "pool": "yjwang_pool",
            "size": 25474836480,
            "source": null,
            "xml": []
          },
          "private": "bnVsbA==",
          "dependencies": [
            "module.kubernetes_module.libvirt_volume.base_volume"
          ]
        },
        {
          "index_key": 1,
          "schema_version": 0,
          "attributes": {
            "base_volume_id": "/data/yjwang_pool/base_volume.qcow2",
            "base_volume_name": null,
            "base_volume_pool": null,
            "format": "qcow2",
            "id": "/data/yjwang_pool/master_wyj01_2.qcow2",
            "name": "master_wyj01_2.qcow2",
            "pool": "yjwang_pool",
            "size": 25474836480,
            "source": null,
            "xml": []
          },
          "private": "bnVsbA==",
          "dependencies": [
            "module.kubernetes_module.libvirt_volume.base_volume"
          ]
        }
      ]
    },
    {
      "module": "module.kubernetes_module",
      "mode": "managed",
      "type": "libvirt_volume",
      "name": "worker_volume",
      "provider": "module.kubernetes_module.provider[\"registry.terraform.io/dmacvicar/libvirt\"]",
      "instances": [
        {
          "index_key": 0,
          "schema_version": 0,
          "attributes": {
            "base_volume_id": "/data/yjwang_pool/base_volume.qcow2",
            "base_volume_name": null,
            "base_volume_pool": null,
            "format": "qcow2",
            "id": "/data/yjwang_pool/worker_wyj01_1.qcow2",
            "name": "worker_wyj01_1.qcow2",
            "pool": "yjwang_pool",
            "size": 25474836480,
            "source": null,
            "xml": []
          },
          "private": "bnVsbA==",
          "dependencies": [
            "module.kubernetes_module.libvirt_volume.base_volume"
          ]
        },
        {
          "index_key": 1,
          "schema_version": 0,
          "attributes": {
            "base_volume_id": "/data/yjwang_pool/base_volume.qcow2",
            "base_volume_name": null,
            "base_volume_pool": null,
            "format": "qcow2",
            "id": "/data/yjwang_pool/worker_wyj01_2.qcow2",
            "name": "worker_wyj01_2.qcow2",
            "pool": "yjwang_pool",
            "size": 25474836480,
            "source": null,
            "xml": []
          },
          "private": "bnVsbA==",
          "dependencies": [
            "module.kubernetes_module.libvirt_volume.base_volume"
          ]
        },
        {
          "index_key": 2,
          "schema_version": 0,
          "attributes": {
            "base_volume_id": "/data/yjwang_pool/base_volume.qcow2",
            "base_volume_name": null,
            "base_volume_pool": null,
            "format": "qcow2",
            "id": "/data/yjwang_pool/worker_wyj01_3.qcow2",
            "name": "worker_wyj01_3.qcow2",
            "pool": "yjwang_pool",
            "size": 25474836480,
            "source": null,
            "xml": []
          },
          "private": "bnVsbA==",
          "dependencies": [
            "module.kubernetes_module.libvirt_volume.base_volume"
          ]
        }
      ]
    }
  ]
}
