{
  "version": 4,
  "terraform_version": "0.13.3",
  "serial": 19,
  "lineage": "8856ac8c-27a5-0de4-93ac-168f3b05c02c",
  "outputs": {},
  "resources": [
    {
      "module": "module.kubernetes_module",
      "mode": "data",
      "type": "template_file",
      "name": "deploy_network_data",
      "provider": "provider[\"registry.terraform.io/hashicorp/template\"]",
      "instances": [
        {
          "index_key": 0,
          "schema_version": 0,
          "attributes": {
            "filename": null,
            "id": "59719df12147febdf4568ad0ff0a5d57ee7f1893452d5051d45dad8ed743f66a",
            "rendered": "network:\n  version: 1\n  config:\n  - type: physical\n    name: eth1\n    subnets:\n    - type: static\n      address: 10.98.90.90/24\n      gateway: 10.98.90.1\n      dns_nameservers:\n      - 8.8.8.8\n\n  - type: physical\n    name: eth2\n    subnets:\n    - type: static\n      address: 10.98.62.90/24\n      gateway: 10.98.62.1\n      dns_nameservers:\n      - 8.8.8.8\n",
            "template": "network:\n  version: 1\n  config:\n  - type: physical\n    name: eth1\n    subnets:\n    - type: static\n      address: ${deploy_deploy_address}/24\n      gateway: ${deploy_gateway}\n      dns_nameservers:\n      - 8.8.8.8\n\n  - type: physical\n    name: eth2\n    subnets:\n    - type: static\n      address: ${deploy_api_address}/24\n      gateway: ${api_gateway}\n      dns_nameservers:\n      - 8.8.8.8\n",
            "vars": {
              "api_gateway": "10.98.62.1",
              "deploy_api_address": "10.98.62.90",
              "deploy_deploy_address": "10.98.90.90",
              "deploy_gateway": "10.98.90.1"
            }
          }
        }
      ]
    },
    {
      "module": "module.kubernetes_module",
      "mode": "data",
      "type": "template_file",
      "name": "deploy_user_data",
      "provider": "provider[\"registry.terraform.io/hashicorp/template\"]",
      "instances": [
        {
          "index_key": 0,
          "schema_version": 0,
          "attributes": {
            "filename": null,
            "id": "8a598707caf6bb2de09cbac639800335f2876fb878bd75e5d0b8a4e45fefe5a1",
            "rendered": "#cloud-config\nssh_pwauth: True\nchpasswd:\n  list: |\n     root:testtest\n  expire: False\n\ngrowpart:\n  mode: auto\n  devices: [\"/\"]\n  ignore_growroot_disabled: false\n\nruncmd:\n  - sed -i 's/SELINUX=enforcing/SELINUX=disabled/g' /etc/selinux/config\n  - sed -i 'a\\UseDNS no' /etc/ssh/sshd_config\n  - hostnamectl set-hostname wyj00_deploy_0\n",
            "template": "#cloud-config\nssh_pwauth: True\nchpasswd:\n  list: |\n     root:testtest\n  expire: False\n\ngrowpart:\n  mode: auto\n  devices: [\"/\"]\n  ignore_growroot_disabled: false\n\nruncmd:\n  - sed -i 's/SELINUX=enforcing/SELINUX=disabled/g' /etc/selinux/config\n  - sed -i 'a\\UseDNS no' /etc/ssh/sshd_config\n  - hostnamectl set-hostname ${deploy_hostname}\n",
            "vars": {
              "deploy_hostname": "wyj00_deploy_0"
            }
          }
        }
      ]
    },
    {
      "module": "module.kubernetes_module",
      "mode": "data",
      "type": "template_file",
      "name": "master_network_data",
      "provider": "provider[\"registry.terraform.io/hashicorp/template\"]",
      "instances": [
        {
          "index_key": 0,
          "schema_version": 0,
          "attributes": {
            "filename": null,
            "id": "eda72af35c9991237be5a6e3d976b2e726673265f96e791a0d517dadeb1ab289",
            "rendered": "network:\n  version: 1\n  config:\n  - type: physical\n    name: eth1\n    subnets:\n    - type: static\n      address: 10.98.90.10/24\n      gateway: 10.98.90.1\n      dns_nameservers:\n      - 8.8.8.8\n\n  - type: physical\n    name: eth2\n    subnets:\n    - type: static\n      address: 10.98.62.10/24\n      gateway: 10.98.62.1\n      dns_nameservers:\n      - 8.8.8.8\n",
            "template": "network:\n  version: 1\n  config:\n  - type: physical\n    name: eth1\n    subnets:\n    - type: static\n      address: ${master_deploy_address}/24\n      gateway: ${deploy_gateway}\n      dns_nameservers:\n      - 8.8.8.8\n\n  - type: physical\n    name: eth2\n    subnets:\n    - type: static\n      address: ${master_api_address}/24\n      gateway: ${api_gateway}\n      dns_nameservers:\n      - 8.8.8.8\n",
            "vars": {
              "api_gateway": "10.98.62.1",
              "deploy_gateway": "10.98.90.1",
              "master_api_address": "10.98.62.10",
              "master_deploy_address": "10.98.90.10"
            }
          }
        },
        {
          "index_key": 1,
          "schema_version": 0,
          "attributes": {
            "filename": null,
            "id": "99a3fb2b640b3ebf5d0d00e267c0e6d6394e200b5f8882d3295c4baaecc92e7c",
            "rendered": "network:\n  version: 1\n  config:\n  - type: physical\n    name: eth1\n    subnets:\n    - type: static\n      address: 10.98.90.11/24\n      gateway: 10.98.90.1\n      dns_nameservers:\n      - 8.8.8.8\n\n  - type: physical\n    name: eth2\n    subnets:\n    - type: static\n      address: 10.98.62.11/24\n      gateway: 10.98.62.1\n      dns_nameservers:\n      - 8.8.8.8\n",
            "template": "network:\n  version: 1\n  config:\n  - type: physical\n    name: eth1\n    subnets:\n    - type: static\n      address: ${master_deploy_address}/24\n      gateway: ${deploy_gateway}\n      dns_nameservers:\n      - 8.8.8.8\n\n  - type: physical\n    name: eth2\n    subnets:\n    - type: static\n      address: ${master_api_address}/24\n      gateway: ${api_gateway}\n      dns_nameservers:\n      - 8.8.8.8\n",
            "vars": {
              "api_gateway": "10.98.62.1",
              "deploy_gateway": "10.98.90.1",
              "master_api_address": "10.98.62.11",
              "master_deploy_address": "10.98.90.11"
            }
          }
        }
      ]
    },
    {
      "module": "module.kubernetes_module",
      "mode": "data",
      "type": "template_file",
      "name": "master_user_data",
      "provider": "provider[\"registry.terraform.io/hashicorp/template\"]",
      "instances": [
        {
          "index_key": 0,
          "schema_version": 0,
          "attributes": {
            "filename": null,
            "id": "675abaf8cec281d9d25637167a0c76a0589ea3922535635f9c94c1029b889314",
            "rendered": "#cloud-config\nssh_pwauth: True\nchpasswd:\n  list: |\n     root:testtest\n  expire: False\n\ngrowpart:\n  mode: auto\n  devices: [\"/\"]\n  ignore_growroot_disabled: false\n\nruncmd:\n  - sed -i 's/SELINUX=enforcing/SELINUX=disabled/g' /etc/selinux/config\n  - sed -i 'a\\UseDNS no' /etc/ssh/sshd_config\n  - hostnamectl set-hostname wyj00_master_0\n",
            "template": "#cloud-config\nssh_pwauth: True\nchpasswd:\n  list: |\n     root:testtest\n  expire: False\n\ngrowpart:\n  mode: auto\n  devices: [\"/\"]\n  ignore_growroot_disabled: false\n\nruncmd:\n  - sed -i 's/SELINUX=enforcing/SELINUX=disabled/g' /etc/selinux/config\n  - sed -i 'a\\UseDNS no' /etc/ssh/sshd_config\n  - hostnamectl set-hostname ${master_hostname}\n",
            "vars": {
              "master_hostname": "wyj00_master_0"
            }
          }
        },
        {
          "index_key": 1,
          "schema_version": 0,
          "attributes": {
            "filename": null,
            "id": "8be0ea61ebf4a554e85f20f4f67dfa2dbdef343c84753be09c51ce852d48e5a4",
            "rendered": "#cloud-config\nssh_pwauth: True\nchpasswd:\n  list: |\n     root:testtest\n  expire: False\n\ngrowpart:\n  mode: auto\n  devices: [\"/\"]\n  ignore_growroot_disabled: false\n\nruncmd:\n  - sed -i 's/SELINUX=enforcing/SELINUX=disabled/g' /etc/selinux/config\n  - sed -i 'a\\UseDNS no' /etc/ssh/sshd_config\n  - hostnamectl set-hostname wyj00_master_1\n",
            "template": "#cloud-config\nssh_pwauth: True\nchpasswd:\n  list: |\n     root:testtest\n  expire: False\n\ngrowpart:\n  mode: auto\n  devices: [\"/\"]\n  ignore_growroot_disabled: false\n\nruncmd:\n  - sed -i 's/SELINUX=enforcing/SELINUX=disabled/g' /etc/selinux/config\n  - sed -i 'a\\UseDNS no' /etc/ssh/sshd_config\n  - hostnamectl set-hostname ${master_hostname}\n",
            "vars": {
              "master_hostname": "wyj00_master_1"
            }
          }
        }
      ]
    },
    {
      "module": "module.kubernetes_module",
      "mode": "data",
      "type": "template_file",
      "name": "worker_network_data",
      "provider": "provider[\"registry.terraform.io/hashicorp/template\"]",
      "instances": [
        {
          "index_key": 0,
          "schema_version": 0,
          "attributes": {
            "filename": null,
            "id": "8bc45cc91265a6ef3a845bcc8da92b636bb64c5d15f8d26be949251a4b858269",
            "rendered": "network:\n  version: 1\n  config:\n  - type: physical\n    name: eth1\n    subnets:\n    - type: static\n      address: 10.98.90.20/24\n      gateway: 10.98.90.1\n      dns_nameservers:\n      - 8.8.8.8\n\n  - type: physical\n    name: eth2\n    subnets:\n    - type: static\n      address: 10.98.62.20/24\n      gateway: 10.98.62.1\n      dns_nameservers:\n      - 8.8.8.8\n",
            "template": "network:\n  version: 1\n  config:\n  - type: physical\n    name: eth1\n    subnets:\n    - type: static\n      address: ${worker_deploy_address}/24\n      gateway: ${deploy_gateway}\n      dns_nameservers:\n      - 8.8.8.8\n\n  - type: physical\n    name: eth2\n    subnets:\n    - type: static\n      address: ${worker_api_address}/24\n      gateway: ${api_gateway}\n      dns_nameservers:\n      - 8.8.8.8\n",
            "vars": {
              "api_gateway": "10.98.62.1",
              "deploy_gateway": "10.98.90.1",
              "worker_api_address": "10.98.62.20",
              "worker_deploy_address": "10.98.90.20"
            }
          }
        },
        {
          "index_key": 1,
          "schema_version": 0,
          "attributes": {
            "filename": null,
            "id": "d3b055a215fa5339c0089abc1d030ec8d004b7ffcfa42ab1607b74bf06db091d",
            "rendered": "network:\n  version: 1\n  config:\n  - type: physical\n    name: eth1\n    subnets:\n    - type: static\n      address: 10.98.90.21/24\n      gateway: 10.98.90.1\n      dns_nameservers:\n      - 8.8.8.8\n\n  - type: physical\n    name: eth2\n    subnets:\n    - type: static\n      address: 10.98.62.21/24\n      gateway: 10.98.62.1\n      dns_nameservers:\n      - 8.8.8.8\n",
            "template": "network:\n  version: 1\n  config:\n  - type: physical\n    name: eth1\n    subnets:\n    - type: static\n      address: ${worker_deploy_address}/24\n      gateway: ${deploy_gateway}\n      dns_nameservers:\n      - 8.8.8.8\n\n  - type: physical\n    name: eth2\n    subnets:\n    - type: static\n      address: ${worker_api_address}/24\n      gateway: ${api_gateway}\n      dns_nameservers:\n      - 8.8.8.8\n",
            "vars": {
              "api_gateway": "10.98.62.1",
              "deploy_gateway": "10.98.90.1",
              "worker_api_address": "10.98.62.21",
              "worker_deploy_address": "10.98.90.21"
            }
          }
        }
      ]
    },
    {
      "module": "module.kubernetes_module",
      "mode": "data",
      "type": "template_file",
      "name": "worker_user_data",
      "provider": "provider[\"registry.terraform.io/hashicorp/template\"]",
      "instances": [
        {
          "index_key": 0,
          "schema_version": 0,
          "attributes": {
            "filename": null,
            "id": "c257c40b7b69243a33a37b60f239f231a4f6290d1e468407205b1ccdea8c7a7f",
            "rendered": "#cloud-config\nssh_pwauth: True\nchpasswd:\n  list: |\n     root:testtest\n  expire: False\n\ngrowpart:\n  mode: auto\n  devices: [\"/\"]\n  ignore_growroot_disabled: false\n\nruncmd:\n  - sed -i 's/SELINUX=enforcing/SELINUX=disabled/g' /etc/selinux/config\n  - sed -i 'a\\UseDNS no' /etc/ssh/sshd_config\n  - hostnamectl set-hostname wyj00_worker_0\n",
            "template": "#cloud-config\nssh_pwauth: True\nchpasswd:\n  list: |\n     root:testtest\n  expire: False\n\ngrowpart:\n  mode: auto\n  devices: [\"/\"]\n  ignore_growroot_disabled: false\n\nruncmd:\n  - sed -i 's/SELINUX=enforcing/SELINUX=disabled/g' /etc/selinux/config\n  - sed -i 'a\\UseDNS no' /etc/ssh/sshd_config\n  - hostnamectl set-hostname ${worker_hostname}\n",
            "vars": {
              "worker_hostname": "wyj00_worker_0"
            }
          }
        },
        {
          "index_key": 1,
          "schema_version": 0,
          "attributes": {
            "filename": null,
            "id": "94bcd6813dadc3af64598bbdca47c4d675056a53f6df3e021b9e9c48afb8e9ff",
            "rendered": "#cloud-config\nssh_pwauth: True\nchpasswd:\n  list: |\n     root:testtest\n  expire: False\n\ngrowpart:\n  mode: auto\n  devices: [\"/\"]\n  ignore_growroot_disabled: false\n\nruncmd:\n  - sed -i 's/SELINUX=enforcing/SELINUX=disabled/g' /etc/selinux/config\n  - sed -i 'a\\UseDNS no' /etc/ssh/sshd_config\n  - hostnamectl set-hostname wyj00_worker_1\n",
            "template": "#cloud-config\nssh_pwauth: True\nchpasswd:\n  list: |\n     root:testtest\n  expire: False\n\ngrowpart:\n  mode: auto\n  devices: [\"/\"]\n  ignore_growroot_disabled: false\n\nruncmd:\n  - sed -i 's/SELINUX=enforcing/SELINUX=disabled/g' /etc/selinux/config\n  - sed -i 'a\\UseDNS no' /etc/ssh/sshd_config\n  - hostnamectl set-hostname ${worker_hostname}\n",
            "vars": {
              "worker_hostname": "wyj00_worker_1"
            }
          }
        }
      ]
    },
    {
      "module": "module.kubernetes_module",
      "mode": "managed",
      "type": "libvirt_cloudinit_disk",
      "name": "deploy_init",
      "provider": "module.kubernetes_module.provider[\"registry.terraform.io/dmacvicar/libvirt\"]",
      "instances": [
        {
          "index_key": 0,
          "schema_version": 0,
          "attributes": {
            "id": "/var/lib/libvirt/images/wyj00_deploy_cloutinit_0.iso;5fba4147-2208-fe9d-6b57-cb22e649e355",
            "meta_data": "",
            "name": "wyj00_deploy_cloutinit_0.iso",
            "network_config": "network:\n  version: 1\n  config:\n  - type: physical\n    name: eth1\n    subnets:\n    - type: static\n      address: 10.98.90.90/24\n      gateway: 10.98.90.1\n      dns_nameservers:\n      - 8.8.8.8\n\n  - type: physical\n    name: eth2\n    subnets:\n    - type: static\n      address: 10.98.62.90/24\n      gateway: 10.98.62.1\n      dns_nameservers:\n      - 8.8.8.8\n",
            "pool": "default",
            "user_data": "#cloud-config\nssh_pwauth: True\nchpasswd:\n  list: |\n     root:testtest\n  expire: False\n\ngrowpart:\n  mode: auto\n  devices: [\"/\"]\n  ignore_growroot_disabled: false\n\nruncmd:\n  - sed -i 's/SELINUX=enforcing/SELINUX=disabled/g' /etc/selinux/config\n  - sed -i 'a\\UseDNS no' /etc/ssh/sshd_config\n  - hostnamectl set-hostname wyj00_deploy_0\n"
          },
          "private": "bnVsbA==",
          "dependencies": [
            "module.kubernetes_module.data.template_file.deploy_network_data",
            "module.kubernetes_module.data.template_file.deploy_user_data"
          ]
        }
      ]
    },
    {
      "module": "module.kubernetes_module",
      "mode": "managed",
      "type": "libvirt_cloudinit_disk",
      "name": "master_init",
      "provider": "module.kubernetes_module.provider[\"registry.terraform.io/dmacvicar/libvirt\"]",
      "instances": [
        {
          "index_key": 0,
          "schema_version": 0,
          "attributes": {
            "id": "/var/lib/libvirt/images/wyj00_master_cloutinit_0.iso;5fba4147-fdae-e8c4-eff0-5ebf16326dfb",
            "meta_data": "",
            "name": "wyj00_master_cloutinit_0.iso",
            "network_config": "network:\n  version: 1\n  config:\n  - type: physical\n    name: eth1\n    subnets:\n    - type: static\n      address: 10.98.90.10/24\n      gateway: 10.98.90.1\n      dns_nameservers:\n      - 8.8.8.8\n\n  - type: physical\n    name: eth2\n    subnets:\n    - type: static\n      address: 10.98.62.10/24\n      gateway: 10.98.62.1\n      dns_nameservers:\n      - 8.8.8.8\n",
            "pool": "default",
            "user_data": "#cloud-config\nssh_pwauth: True\nchpasswd:\n  list: |\n     root:testtest\n  expire: False\n\ngrowpart:\n  mode: auto\n  devices: [\"/\"]\n  ignore_growroot_disabled: false\n\nruncmd:\n  - sed -i 's/SELINUX=enforcing/SELINUX=disabled/g' /etc/selinux/config\n  - sed -i 'a\\UseDNS no' /etc/ssh/sshd_config\n  - hostnamectl set-hostname wyj00_master_0\n"
          },
          "private": "bnVsbA==",
          "dependencies": [
            "module.kubernetes_module.data.template_file.master_network_data",
            "module.kubernetes_module.data.template_file.master_user_data"
          ]
        },
        {
          "index_key": 1,
          "schema_version": 0,
          "attributes": {
            "id": "/var/lib/libvirt/images/wyj00_master_cloutinit_1.iso;5fba4147-9637-e550-5564-635a897e355b",
            "meta_data": "",
            "name": "wyj00_master_cloutinit_1.iso",
            "network_config": "network:\n  version: 1\n  config:\n  - type: physical\n    name: eth1\n    subnets:\n    - type: static\n      address: 10.98.90.11/24\n      gateway: 10.98.90.1\n      dns_nameservers:\n      - 8.8.8.8\n\n  - type: physical\n    name: eth2\n    subnets:\n    - type: static\n      address: 10.98.62.11/24\n      gateway: 10.98.62.1\n      dns_nameservers:\n      - 8.8.8.8\n",
            "pool": "default",
            "user_data": "#cloud-config\nssh_pwauth: True\nchpasswd:\n  list: |\n     root:testtest\n  expire: False\n\ngrowpart:\n  mode: auto\n  devices: [\"/\"]\n  ignore_growroot_disabled: false\n\nruncmd:\n  - sed -i 's/SELINUX=enforcing/SELINUX=disabled/g' /etc/selinux/config\n  - sed -i 'a\\UseDNS no' /etc/ssh/sshd_config\n  - hostnamectl set-hostname wyj00_master_1\n"
          },
          "private": "bnVsbA==",
          "dependencies": [
            "module.kubernetes_module.data.template_file.master_network_data",
            "module.kubernetes_module.data.template_file.master_user_data"
          ]
        }
      ]
    },
    {
      "module": "module.kubernetes_module",
      "mode": "managed",
      "type": "libvirt_cloudinit_disk",
      "name": "worker_init",
      "provider": "module.kubernetes_module.provider[\"registry.terraform.io/dmacvicar/libvirt\"]",
      "instances": [
        {
          "index_key": 0,
          "schema_version": 0,
          "attributes": {
            "id": "/var/lib/libvirt/images/wyj00_worker_cloutinit_0.iso;5fba4147-28e1-4653-090d-ae4a12693d31",
            "meta_data": "",
            "name": "wyj00_worker_cloutinit_0.iso",
            "network_config": "network:\n  version: 1\n  config:\n  - type: physical\n    name: eth1\n    subnets:\n    - type: static\n      address: 10.98.90.20/24\n      gateway: 10.98.90.1\n      dns_nameservers:\n      - 8.8.8.8\n\n  - type: physical\n    name: eth2\n    subnets:\n    - type: static\n      address: 10.98.62.20/24\n      gateway: 10.98.62.1\n      dns_nameservers:\n      - 8.8.8.8\n",
            "pool": "default",
            "user_data": "#cloud-config\nssh_pwauth: True\nchpasswd:\n  list: |\n     root:testtest\n  expire: False\n\ngrowpart:\n  mode: auto\n  devices: [\"/\"]\n  ignore_growroot_disabled: false\n\nruncmd:\n  - sed -i 's/SELINUX=enforcing/SELINUX=disabled/g' /etc/selinux/config\n  - sed -i 'a\\UseDNS no' /etc/ssh/sshd_config\n  - hostnamectl set-hostname wyj00_worker_0\n"
          },
          "private": "bnVsbA==",
          "dependencies": [
            "module.kubernetes_module.data.template_file.worker_network_data",
            "module.kubernetes_module.data.template_file.worker_user_data"
          ]
        },
        {
          "index_key": 1,
          "schema_version": 0,
          "attributes": {
            "id": "/var/lib/libvirt/images/wyj00_worker_cloutinit_1.iso;5fba4147-c506-ff00-389f-495a21f5024a",
            "meta_data": "",
            "name": "wyj00_worker_cloutinit_1.iso",
            "network_config": "network:\n  version: 1\n  config:\n  - type: physical\n    name: eth1\n    subnets:\n    - type: static\n      address: 10.98.90.21/24\n      gateway: 10.98.90.1\n      dns_nameservers:\n      - 8.8.8.8\n\n  - type: physical\n    name: eth2\n    subnets:\n    - type: static\n      address: 10.98.62.21/24\n      gateway: 10.98.62.1\n      dns_nameservers:\n      - 8.8.8.8\n",
            "pool": "default",
            "user_data": "#cloud-config\nssh_pwauth: True\nchpasswd:\n  list: |\n     root:testtest\n  expire: False\n\ngrowpart:\n  mode: auto\n  devices: [\"/\"]\n  ignore_growroot_disabled: false\n\nruncmd:\n  - sed -i 's/SELINUX=enforcing/SELINUX=disabled/g' /etc/selinux/config\n  - sed -i 'a\\UseDNS no' /etc/ssh/sshd_config\n  - hostnamectl set-hostname wyj00_worker_1\n"
          },
          "private": "bnVsbA==",
          "dependencies": [
            "module.kubernetes_module.data.template_file.worker_network_data",
            "module.kubernetes_module.data.template_file.worker_user_data"
          ]
        }
      ]
    },
    {
      "module": "module.kubernetes_module",
      "mode": "managed",
      "type": "libvirt_domain",
      "name": "deploy",
      "provider": "module.kubernetes_module.provider[\"registry.terraform.io/dmacvicar/libvirt\"]",
      "instances": [
        {
          "index_key": 0,
          "schema_version": 0,
          "attributes": {
            "arch": "x86_64",
            "autostart": true,
            "boot_device": [],
            "cloudinit": "/var/lib/libvirt/images/wyj00_deploy_cloutinit_0.iso;5fba4147-2208-fe9d-6b57-cb22e649e355",
            "cmdline": null,
            "console": [
              {
                "source_host": "127.0.0.1",
                "source_path": "",
                "source_service": "0",
                "target_port": "0",
                "target_type": "",
                "type": "pty"
              }
            ],
            "coreos_ignition": null,
            "cpu": null,
            "description": "",
            "disk": [
              {
                "block_device": "",
                "file": "",
                "scsi": false,
                "url": "",
                "volume_id": "/data/yjwang_pool/deploy_wyj00_1.qcow2",
                "wwn": ""
              }
            ],
            "emulator": "/usr/libexec/qemu-kvm",
            "filesystem": [],
            "firmware": "",
            "fw_cfg_name": "opt/com.coreos/config",
            "graphics": [],
            "id": "d443577e-d5da-41a2-8151-6e838be1fcf1",
            "initrd": "",
            "kernel": "",
            "machine": "pc",
            "memory": 16384,
            "metadata": null,
            "name": "wyj00_deploy_0",
            "network_interface": [
              {
                "addresses": [],
                "bridge": "br0",
                "hostname": "",
                "mac": "52:54:00:4E:30:B2",
                "macvtap": "",
                "network_id": "",
                "network_name": "",
                "passthrough": "",
                "vepa": "",
                "wait_for_lease": false
              },
              {
                "addresses": [],
                "bridge": "",
                "hostname": "",
                "mac": "52:54:00:42:34:1A",
                "macvtap": "",
                "network_id": "75c4a0fe-3d10-4fc9-b0a0-7b1e0e081441",
                "network_name": "wyj_k8s_deploy0",
                "passthrough": "",
                "vepa": "",
                "wait_for_lease": false
              },
              {
                "addresses": [],
                "bridge": "",
                "hostname": "",
                "mac": "52:54:00:1A:26:15",
                "macvtap": "",
                "network_id": "2d39f00a-aa03-498f-916e-46cb4f537065",
                "network_name": "wyj_k8s_api0",
                "passthrough": "",
                "vepa": "",
                "wait_for_lease": false
              }
            ],
            "nvram": [],
            "qemu_agent": false,
            "running": true,
            "timeouts": null,
            "vcpu": 8,
            "video": [],
            "xml": []
          },
          "private": "eyJlMmJmYjczMC1lY2FhLTExZTYtOGY4OC0zNDM2M2JjN2M0YzAiOnsiY3JlYXRlIjozMDAwMDAwMDAwMDB9fQ==",
          "dependencies": [
            "module.kubernetes_module.data.template_file.deploy_network_data",
            "module.kubernetes_module.data.template_file.deploy_user_data",
            "module.kubernetes_module.libvirt_cloudinit_disk.deploy_init",
            "module.kubernetes_module.libvirt_network.api_network",
            "module.kubernetes_module.libvirt_network.deploy_network",
            "module.kubernetes_module.libvirt_volume.base_volume",
            "module.kubernetes_module.libvirt_volume.deploy_volume"
          ]
        }
      ]
    },
    {
      "module": "module.kubernetes_module",
      "mode": "managed",
      "type": "libvirt_domain",
      "name": "master",
      "provider": "module.kubernetes_module.provider[\"registry.terraform.io/dmacvicar/libvirt\"]",
      "instances": [
        {
          "index_key": 0,
          "schema_version": 0,
          "attributes": {
            "arch": "x86_64",
            "autostart": true,
            "boot_device": [],
            "cloudinit": "/var/lib/libvirt/images/wyj00_master_cloutinit_0.iso;5fba4147-fdae-e8c4-eff0-5ebf16326dfb",
            "cmdline": null,
            "console": [
              {
                "source_host": "127.0.0.1",
                "source_path": "",
                "source_service": "0",
                "target_port": "0",
                "target_type": "",
                "type": "pty"
              }
            ],
            "coreos_ignition": null,
            "cpu": null,
            "description": "",
            "disk": [
              {
                "block_device": "",
                "file": "",
                "scsi": false,
                "url": "",
                "volume_id": "/data/yjwang_pool/master_wyj00_1.qcow2",
                "wwn": ""
              }
            ],
            "emulator": "/usr/libexec/qemu-kvm",
            "filesystem": [],
            "firmware": "",
            "fw_cfg_name": "opt/com.coreos/config",
            "graphics": [],
            "id": "354b6737-2c63-45c6-82af-eb3918449a88",
            "initrd": "",
            "kernel": "",
            "machine": "pc",
            "memory": 16384,
            "metadata": null,
            "name": "wyj00_master_0",
            "network_interface": [
              {
                "addresses": [],
                "bridge": "br0",
                "hostname": "",
                "mac": "52:54:00:9A:BA:FF",
                "macvtap": "",
                "network_id": "",
                "network_name": "",
                "passthrough": "",
                "vepa": "",
                "wait_for_lease": false
              },
              {
                "addresses": [],
                "bridge": "",
                "hostname": "",
                "mac": "52:54:00:5A:D0:04",
                "macvtap": "",
                "network_id": "75c4a0fe-3d10-4fc9-b0a0-7b1e0e081441",
                "network_name": "wyj_k8s_deploy0",
                "passthrough": "",
                "vepa": "",
                "wait_for_lease": false
              },
              {
                "addresses": [],
                "bridge": "",
                "hostname": "",
                "mac": "52:54:00:06:63:4D",
                "macvtap": "",
                "network_id": "2d39f00a-aa03-498f-916e-46cb4f537065",
                "network_name": "wyj_k8s_api0",
                "passthrough": "",
                "vepa": "",
                "wait_for_lease": false
              }
            ],
            "nvram": [],
            "qemu_agent": false,
            "running": true,
            "timeouts": null,
            "vcpu": 8,
            "video": [],
            "xml": []
          },
          "private": "eyJlMmJmYjczMC1lY2FhLTExZTYtOGY4OC0zNDM2M2JjN2M0YzAiOnsiY3JlYXRlIjozMDAwMDAwMDAwMDB9fQ==",
          "dependencies": [
            "module.kubernetes_module.data.template_file.master_network_data",
            "module.kubernetes_module.data.template_file.master_user_data",
            "module.kubernetes_module.libvirt_cloudinit_disk.master_init",
            "module.kubernetes_module.libvirt_network.api_network",
            "module.kubernetes_module.libvirt_network.deploy_network",
            "module.kubernetes_module.libvirt_volume.base_volume",
            "module.kubernetes_module.libvirt_volume.master_volume"
          ]
        },
        {
          "index_key": 1,
          "schema_version": 0,
          "attributes": {
            "arch": "x86_64",
            "autostart": true,
            "boot_device": [],
            "cloudinit": "/var/lib/libvirt/images/wyj00_master_cloutinit_1.iso;5fba4147-9637-e550-5564-635a897e355b",
            "cmdline": null,
            "console": [
              {
                "source_host": "127.0.0.1",
                "source_path": "",
                "source_service": "0",
                "target_port": "0",
                "target_type": "",
                "type": "pty"
              }
            ],
            "coreos_ignition": null,
            "cpu": null,
            "description": "",
            "disk": [
              {
                "block_device": "",
                "file": "",
                "scsi": false,
                "url": "",
                "volume_id": "/data/yjwang_pool/master_wyj00_2.qcow2",
                "wwn": ""
              }
            ],
            "emulator": "/usr/libexec/qemu-kvm",
            "filesystem": [],
            "firmware": "",
            "fw_cfg_name": "opt/com.coreos/config",
            "graphics": [],
            "id": "76fc5a31-9cc0-4508-9e1d-28d9aecc1f96",
            "initrd": "",
            "kernel": "",
            "machine": "pc",
            "memory": 16384,
            "metadata": null,
            "name": "wyj00_master_1",
            "network_interface": [
              {
                "addresses": [],
                "bridge": "br0",
                "hostname": "",
                "mac": "52:54:00:EA:1A:4F",
                "macvtap": "",
                "network_id": "",
                "network_name": "",
                "passthrough": "",
                "vepa": "",
                "wait_for_lease": false
              },
              {
                "addresses": [],
                "bridge": "",
                "hostname": "",
                "mac": "52:54:00:02:35:1D",
                "macvtap": "",
                "network_id": "75c4a0fe-3d10-4fc9-b0a0-7b1e0e081441",
                "network_name": "wyj_k8s_deploy0",
                "passthrough": "",
                "vepa": "",
                "wait_for_lease": false
              },
              {
                "addresses": [],
                "bridge": "",
                "hostname": "",
                "mac": "52:54:00:9A:4F:14",
                "macvtap": "",
                "network_id": "2d39f00a-aa03-498f-916e-46cb4f537065",
                "network_name": "wyj_k8s_api0",
                "passthrough": "",
                "vepa": "",
                "wait_for_lease": false
              }
            ],
            "nvram": [],
            "qemu_agent": false,
            "running": true,
            "timeouts": null,
            "vcpu": 8,
            "video": [],
            "xml": []
          },
          "private": "eyJlMmJmYjczMC1lY2FhLTExZTYtOGY4OC0zNDM2M2JjN2M0YzAiOnsiY3JlYXRlIjozMDAwMDAwMDAwMDB9fQ==",
          "dependencies": [
            "module.kubernetes_module.data.template_file.master_network_data",
            "module.kubernetes_module.data.template_file.master_user_data",
            "module.kubernetes_module.libvirt_cloudinit_disk.master_init",
            "module.kubernetes_module.libvirt_network.api_network",
            "module.kubernetes_module.libvirt_network.deploy_network",
            "module.kubernetes_module.libvirt_volume.base_volume",
            "module.kubernetes_module.libvirt_volume.master_volume"
          ]
        }
      ]
    },
    {
      "module": "module.kubernetes_module",
      "mode": "managed",
      "type": "libvirt_domain",
      "name": "worker",
      "provider": "module.kubernetes_module.provider[\"registry.terraform.io/dmacvicar/libvirt\"]",
      "instances": [
        {
          "index_key": 0,
          "schema_version": 0,
          "attributes": {
            "arch": "x86_64",
            "autostart": true,
            "boot_device": [],
            "cloudinit": "/var/lib/libvirt/images/wyj00_worker_cloutinit_0.iso;5fba4147-28e1-4653-090d-ae4a12693d31",
            "cmdline": null,
            "console": [
              {
                "source_host": "127.0.0.1",
                "source_path": "",
                "source_service": "0",
                "target_port": "0",
                "target_type": "",
                "type": "pty"
              }
            ],
            "coreos_ignition": null,
            "cpu": null,
            "description": "",
            "disk": [
              {
                "block_device": "",
                "file": "",
                "scsi": false,
                "url": "",
                "volume_id": "/data/yjwang_pool/worker_wyj00_1.qcow2",
                "wwn": ""
              }
            ],
            "emulator": "/usr/libexec/qemu-kvm",
            "filesystem": [],
            "firmware": "",
            "fw_cfg_name": "opt/com.coreos/config",
            "graphics": [],
            "id": "c1e87463-874c-42c1-b0f8-f9716981101d",
            "initrd": "",
            "kernel": "",
            "machine": "pc",
            "memory": 16384,
            "metadata": null,
            "name": "wyj00_worker_0",
            "network_interface": [
              {
                "addresses": [],
                "bridge": "br0",
                "hostname": "",
                "mac": "52:54:00:52:68:BD",
                "macvtap": "",
                "network_id": "",
                "network_name": "",
                "passthrough": "",
                "vepa": "",
                "wait_for_lease": false
              },
              {
                "addresses": [],
                "bridge": "",
                "hostname": "",
                "mac": "52:54:00:DE:2C:B6",
                "macvtap": "",
                "network_id": "75c4a0fe-3d10-4fc9-b0a0-7b1e0e081441",
                "network_name": "wyj_k8s_deploy0",
                "passthrough": "",
                "vepa": "",
                "wait_for_lease": false
              },
              {
                "addresses": [],
                "bridge": "",
                "hostname": "",
                "mac": "52:54:00:2A:93:AA",
                "macvtap": "",
                "network_id": "2d39f00a-aa03-498f-916e-46cb4f537065",
                "network_name": "wyj_k8s_api0",
                "passthrough": "",
                "vepa": "",
                "wait_for_lease": false
              }
            ],
            "nvram": [],
            "qemu_agent": false,
            "running": true,
            "timeouts": null,
            "vcpu": 8,
            "video": [],
            "xml": []
          },
          "private": "eyJlMmJmYjczMC1lY2FhLTExZTYtOGY4OC0zNDM2M2JjN2M0YzAiOnsiY3JlYXRlIjozMDAwMDAwMDAwMDB9fQ==",
          "dependencies": [
            "module.kubernetes_module.data.template_file.worker_network_data",
            "module.kubernetes_module.data.template_file.worker_user_data",
            "module.kubernetes_module.libvirt_cloudinit_disk.worker_init",
            "module.kubernetes_module.libvirt_network.api_network",
            "module.kubernetes_module.libvirt_network.deploy_network",
            "module.kubernetes_module.libvirt_volume.base_volume",
            "module.kubernetes_module.libvirt_volume.worker_volume"
          ]
        },
        {
          "index_key": 1,
          "schema_version": 0,
          "attributes": {
            "arch": "x86_64",
            "autostart": true,
            "boot_device": [],
            "cloudinit": "/var/lib/libvirt/images/wyj00_worker_cloutinit_1.iso;5fba4147-c506-ff00-389f-495a21f5024a",
            "cmdline": null,
            "console": [
              {
                "source_host": "127.0.0.1",
                "source_path": "",
                "source_service": "0",
                "target_port": "0",
                "target_type": "",
                "type": "pty"
              }
            ],
            "coreos_ignition": null,
            "cpu": null,
            "description": "",
            "disk": [
              {
                "block_device": "",
                "file": "",
                "scsi": false,
                "url": "",
                "volume_id": "/data/yjwang_pool/worker_wyj00_2.qcow2",
                "wwn": ""
              }
            ],
            "emulator": "/usr/libexec/qemu-kvm",
            "filesystem": [],
            "firmware": "",
            "fw_cfg_name": "opt/com.coreos/config",
            "graphics": [],
            "id": "f20babc8-e54f-4d4a-8a58-41d4355a49b8",
            "initrd": "",
            "kernel": "",
            "machine": "pc",
            "memory": 16384,
            "metadata": null,
            "name": "wyj00_worker_1",
            "network_interface": [
              {
                "addresses": [],
                "bridge": "br0",
                "hostname": "",
                "mac": "52:54:00:36:18:64",
                "macvtap": "",
                "network_id": "",
                "network_name": "",
                "passthrough": "",
                "vepa": "",
                "wait_for_lease": false
              },
              {
                "addresses": [],
                "bridge": "",
                "hostname": "",
                "mac": "52:54:00:86:B5:86",
                "macvtap": "",
                "network_id": "75c4a0fe-3d10-4fc9-b0a0-7b1e0e081441",
                "network_name": "wyj_k8s_deploy0",
                "passthrough": "",
                "vepa": "",
                "wait_for_lease": false
              },
              {
                "addresses": [],
                "bridge": "",
                "hostname": "",
                "mac": "52:54:00:76:B8:54",
                "macvtap": "",
                "network_id": "2d39f00a-aa03-498f-916e-46cb4f537065",
                "network_name": "wyj_k8s_api0",
                "passthrough": "",
                "vepa": "",
                "wait_for_lease": false
              }
            ],
            "nvram": [],
            "qemu_agent": false,
            "running": true,
            "timeouts": null,
            "vcpu": 8,
            "video": [],
            "xml": []
          },
          "private": "eyJlMmJmYjczMC1lY2FhLTExZTYtOGY4OC0zNDM2M2JjN2M0YzAiOnsiY3JlYXRlIjozMDAwMDAwMDAwMDB9fQ==",
          "dependencies": [
            "module.kubernetes_module.data.template_file.worker_network_data",
            "module.kubernetes_module.data.template_file.worker_user_data",
            "module.kubernetes_module.libvirt_cloudinit_disk.worker_init",
            "module.kubernetes_module.libvirt_network.api_network",
            "module.kubernetes_module.libvirt_network.deploy_network",
            "module.kubernetes_module.libvirt_volume.base_volume",
            "module.kubernetes_module.libvirt_volume.worker_volume"
          ]
        }
      ]
    },
    {
      "module": "module.kubernetes_module",
      "mode": "managed",
      "type": "libvirt_network",
      "name": "api_network",
      "provider": "module.kubernetes_module.provider[\"registry.terraform.io/dmacvicar/libvirt\"]",
      "instances": [
        {
          "schema_version": 0,
          "attributes": {
            "addresses": [
              "10.98.62.0/24"
            ],
            "autostart": true,
            "bridge": "wyj_k8s_api0",
            "dhcp": [],
            "dns": [],
            "domain": null,
            "id": "2d39f00a-aa03-498f-916e-46cb4f537065",
            "mode": "nat",
            "mtu": null,
            "name": "wyj_k8s_api0",
            "routes": [],
            "xml": []
          },
          "private": "bnVsbA=="
        }
      ]
    },
    {
      "module": "module.kubernetes_module",
      "mode": "managed",
      "type": "libvirt_network",
      "name": "deploy_network",
      "provider": "module.kubernetes_module.provider[\"registry.terraform.io/dmacvicar/libvirt\"]",
      "instances": [
        {
          "schema_version": 0,
          "attributes": {
            "addresses": [
              "10.98.90.0/24"
            ],
            "autostart": true,
            "bridge": "wyj_k8s_deploy0",
            "dhcp": [],
            "dns": [],
            "domain": null,
            "id": "75c4a0fe-3d10-4fc9-b0a0-7b1e0e081441",
            "mode": "nat",
            "mtu": null,
            "name": "wyj_k8s_deploy0",
            "routes": [],
            "xml": []
          },
          "private": "bnVsbA=="
        }
      ]
    },
    {
      "module": "module.kubernetes_module",
      "mode": "managed",
      "type": "libvirt_volume",
      "name": "base_volume",
      "provider": "module.kubernetes_module.provider[\"registry.terraform.io/dmacvicar/libvirt\"]",
      "instances": [
        {
          "schema_version": 0,
          "attributes": {
            "base_volume_id": null,
            "base_volume_name": null,
            "base_volume_pool": null,
            "format": "qcow2",
            "id": "/data/yjwang_pool/base_volume.qcow2",
            "name": "base_volume.qcow2",
            "pool": "yjwang_pool",
            "size": 10737418240,
            "source": "/usr/vm-template/CentOS-8.2.qcow2",
            "xml": []
          },
          "private": "bnVsbA=="
        }
      ]
    },
    {
      "module": "module.kubernetes_module",
      "mode": "managed",
      "type": "libvirt_volume",
      "name": "deploy_volume",
      "provider": "module.kubernetes_module.provider[\"registry.terraform.io/dmacvicar/libvirt\"]",
      "instances": [
        {
          "index_key": 0,
          "schema_version": 0,
          "attributes": {
            "base_volume_id": "/data/yjwang_pool/base_volume.qcow2",
            "base_volume_name": null,
            "base_volume_pool": null,
            "format": "qcow2",
            "id": "/data/yjwang_pool/deploy_wyj00_1.qcow2",
            "name": "deploy_wyj00_1.qcow2",
            "pool": "yjwang_pool",
            "size": 25474836480,
            "source": null,
            "xml": []
          },
          "private": "bnVsbA==",
          "dependencies": [
            "module.kubernetes_module.libvirt_volume.base_volume"
          ]
        }
      ]
    },
    {
      "module": "module.kubernetes_module",
      "mode": "managed",
      "type": "libvirt_volume",
      "name": "master_volume",
      "provider": "module.kubernetes_module.provider[\"registry.terraform.io/dmacvicar/libvirt\"]",
      "instances": [
        {
          "index_key": 0,
          "schema_version": 0,
          "attributes": {
            "base_volume_id": "/data/yjwang_pool/base_volume.qcow2",
            "base_volume_name": null,
            "base_volume_pool": null,
            "format": "qcow2",
            "id": "/data/yjwang_pool/master_wyj00_1.qcow2",
            "name": "master_wyj00_1.qcow2",
            "pool": "yjwang_pool",
            "size": 35474836480,
            "source": null,
            "xml": []
          },
          "private": "bnVsbA==",
          "dependencies": [
            "module.kubernetes_module.libvirt_volume.base_volume"
          ]
        },
        {
          "index_key": 1,
          "schema_version": 0,
          "attributes": {
            "base_volume_id": "/data/yjwang_pool/base_volume.qcow2",
            "base_volume_name": null,
            "base_volume_pool": null,
            "format": "qcow2",
            "id": "/data/yjwang_pool/master_wyj00_2.qcow2",
            "name": "master_wyj00_2.qcow2",
            "pool": "yjwang_pool",
            "size": 35474836480,
            "source": null,
            "xml": []
          },
          "private": "bnVsbA==",
          "dependencies": [
            "module.kubernetes_module.libvirt_volume.base_volume"
          ]
        }
      ]
    },
    {
      "module": "module.kubernetes_module",
      "mode": "managed",
      "type": "libvirt_volume",
      "name": "worker_volume",
      "provider": "module.kubernetes_module.provider[\"registry.terraform.io/dmacvicar/libvirt\"]",
      "instances": [
        {
          "index_key": 0,
          "schema_version": 0,
          "attributes": {
            "base_volume_id": "/data/yjwang_pool/base_volume.qcow2",
            "base_volume_name": null,
            "base_volume_pool": null,
            "format": "qcow2",
            "id": "/data/yjwang_pool/worker_wyj00_1.qcow2",
            "name": "worker_wyj00_1.qcow2",
            "pool": "yjwang_pool",
            "size": 35474836480,
            "source": null,
            "xml": []
          },
          "private": "bnVsbA==",
          "dependencies": [
            "module.kubernetes_module.libvirt_volume.base_volume"
          ]
        },
        {
          "index_key": 1,
          "schema_version": 0,
          "attributes": {
            "base_volume_id": "/data/yjwang_pool/base_volume.qcow2",
            "base_volume_name": null,
            "base_volume_pool": null,
            "format": "qcow2",
            "id": "/data/yjwang_pool/worker_wyj00_2.qcow2",
            "name": "worker_wyj00_2.qcow2",
            "pool": "yjwang_pool",
            "size": 35474836480,
            "source": null,
            "xml": []
          },
          "private": "bnVsbA==",
          "dependencies": [
            "module.kubernetes_module.libvirt_volume.base_volume"
          ]
        }
      ]
    }
  ]
}
